[[package]]
name = "certifi"
version = "2021.5.30"
description = "Python package for providing Mozilla's CA Bundle."
category = "main"
optional = false
python-versions = "*"

[[package]]
name = "charset-normalizer"
version = "2.0.3"
description = "The Real First Universal Charset Detector. Open, modern and actively maintained alternative to Chardet."
category = "main"
optional = false
python-versions = ">=3.5.0"

[package.extras]
unicode_backport = ["unicodedata2"]

[[package]]
name = "cython"
version = "0.29.24"
description = "The Cython compiler for writing C extensions for the Python language."
category = "main"
optional = false
python-versions = ">=2.6, !=3.0.*, !=3.1.*, !=3.2.*"

[[package]]
name = "docutils"
version = "0.17.1"
description = "Docutils -- Python Documentation Utilities"
category = "main"
optional = false
python-versions = ">=2.7, !=3.0.*, !=3.1.*, !=3.2.*, !=3.3.*, !=3.4.*"

[[package]]
name = "idna"
version = "3.2"
description = "Internationalized Domain Names in Applications (IDNA)"
category = "main"
optional = false
python-versions = ">=3.5"

[[package]]
name = "kivy"
version = "2.0.0"
description = "A software library for rapid development of hardware-accelerated multitouch applications."
category = "main"
optional = false
python-versions = "*"

[package.dependencies]
docutils = "*"
"kivy-deps.angle" = {version = ">=0.3.0,<0.4.0", markers = "sys_platform == \"win32\""}
"kivy-deps.glew" = {version = ">=0.3.0,<0.4.0", markers = "sys_platform == \"win32\""}
"kivy-deps.sdl2" = {version = ">=0.3.1,<0.4.0", markers = "sys_platform == \"win32\""}
Kivy-Garden = ">=0.1.4"
pygments = "*"
pypiwin32 = {version = "*", markers = "sys_platform == \"win32\""}

[package.extras]
angle = ["kivy-deps.angle (>=0.3.0,<0.4.0)"]
base = ["pillow", "docutils", "pygments", "kivy-deps.angle (>=0.3.0,<0.4.0)", "kivy-deps.sdl2 (>=0.3.1,<0.4.0)", "kivy-deps.glew (>=0.3.0,<0.4.0)", "pypiwin32"]
dev = ["pytest (>=3.6)", "pytest-cov", "pytest-asyncio (!=0.11.0)", "pytest-timeout", "pyinstaller", "sphinx", "sphinxcontrib-blockdiag", "sphinxcontrib-seqdiag", "sphinxcontrib-actdiag", "sphinxcontrib-nwdiag", "flake8", "kivy-deps.gstreamer-dev (>=0.3.1,<0.4.0)", "kivy-deps.sdl2-dev (>=0.3.1,<0.4.0)", "kivy-deps.glew-dev (>=0.3.0,<0.4.0)"]
full = ["pillow", "docutils", "pygments", "ffpyplayer", "kivy-deps.gstreamer (>=0.3.1,<0.4.0)", "kivy-deps.angle (>=0.3.0,<0.4.0)", "kivy-deps.sdl2 (>=0.3.1,<0.4.0)", "kivy-deps.glew (>=0.3.0,<0.4.0)", "pypiwin32"]
glew = ["kivy-deps.glew (>=0.3.0,<0.4.0)"]
gstreamer = ["kivy-deps.gstreamer (>=0.3.1,<0.4.0)"]
media = ["ffpyplayer", "kivy-deps.gstreamer (>=0.3.1,<0.4.0)"]
sdl2 = ["kivy-deps.sdl2 (>=0.3.1,<0.4.0)"]
tuio = ["oscpy"]

[[package]]
name = "kivy-deps.angle"
version = "0.3.0"
description = "Repackaged binary dependency of Kivy."
category = "main"
optional = false
python-versions = "*"

[[package]]
name = "kivy-deps.glew"
version = "0.3.0"
description = "Repackaged binary dependency of Kivy."
category = "main"
optional = false
python-versions = "*"

[[package]]
name = "kivy-deps.sdl2"
version = "0.3.1"
description = "Repackaged binary dependency of Kivy."
category = "main"
optional = false
python-versions = "*"

[[package]]
name = "kivy-garden"
version = "0.1.4"
description = "Garden tool for kivy flowers."
category = "main"
optional = false
python-versions = "*"

[package.dependencies]
requests = "*"

[[package]]
name = "kivymd"
version = "0.104.2"
description = "Set of widgets for Kivy inspired by Google's Material Design"
category = "main"
optional = false
python-versions = ">=3.6"

[package.dependencies]
kivy = ">=2.0.0"
pillow = "*"

[package.extras]
dev = ["pre-commit", "black", "isort", "flake8", "pytest", "pytest-cov", "pytest-asyncio", "pytest-timeout", "coveralls", "pyinstaller"]
docs = ["sphinx", "sphinx-autoapi (==1.4.0)", "sphinx-rtd-theme", "sphinx-notfound-page"]

[[package]]
name = "pillow"
version = "8.3.1"
description = "Python Imaging Library (Fork)"
category = "main"
optional = false
python-versions = ">=3.6"

[[package]]
name = "pygments"
version = "2.9.0"
description = "Pygments is a syntax highlighting package written in Python."
category = "main"
optional = false
python-versions = ">=3.5"

[[package]]
name = "pyoxidizer"
version = "0.16.2"
description = "Package self-contained Python applications"
category = "main"
optional = false
python-versions = "*"

[[package]]
name = "pypiwin32"
version = "223"
description = ""
category = "main"
optional = false
python-versions = "*"

[package.dependencies]
pywin32 = ">=223"

[[package]]
name = "pywin32"
version = "301"
description = "Python for Window Extensions"
category = "main"
optional = false
python-versions = "*"

[[package]]
name = "requests"
version = "2.26.0"
description = "Python HTTP for Humans."
category = "main"
optional = false
python-versions = ">=2.7, !=3.0.*, !=3.1.*, !=3.2.*, !=3.3.*, !=3.4.*, !=3.5.*"

[package.dependencies]
certifi = ">=2017.4.17"
charset-normalizer = {version = ">=2.0.0,<2.1.0", markers = "python_version >= \"3\""}
idna = {version = ">=2.5,<4", markers = "python_version >= \"3\""}
urllib3 = ">=1.21.1,<1.27"

[package.extras]
socks = ["PySocks (>=1.5.6,!=1.5.7)", "win-inet-pton"]
use_chardet_on_py3 = ["chardet (>=3.0.2,<5)"]

[[package]]
name = "ttkthemes"
version = "3.2.2"
description = "A group of themes for the ttk extensions of Tkinter with a Tkinter.Tk wrapper"
category = "main"
optional = false
python-versions = ">=3.5"

[package.dependencies]
pillow = "*"

[[package]]
name = "urllib3"
version = "1.26.6"
description = "HTTP library with thread-safe connection pooling, file post, and more."
category = "main"
optional = false
python-versions = ">=2.7, !=3.0.*, !=3.1.*, !=3.2.*, !=3.3.*, !=3.4.*, <4"

[package.extras]
brotli = ["brotlipy (>=0.6.0)"]
secure = ["pyOpenSSL (>=0.14)", "cryptography (>=1.3.4)", "idna (>=2.0.0)", "certifi", "ipaddress"]
socks = ["PySocks (>=1.5.6,!=1.5.7,<2.0)"]

[metadata]
lock-version = "1.1"
python-versions = "^3.9"
content-hash = "3a352dcf47d01b291468352d9ed41d943d49188ce86572cc449422f1400f934d"

[metadata.files]
certifi = [
    {file = "certifi-2021.5.30-py2.py3-none-any.whl", hash = "sha256:50b1e4f8446b06f41be7dd6338db18e0990601dce795c2b1686458aa7e8fa7d8"},
    {file = "certifi-2021.5.30.tar.gz", hash = "sha256:2bbf76fd432960138b3ef6dda3dde0544f27cbf8546c458e60baf371917ba9ee"},
]
charset-normalizer = [
    {file = "charset-normalizer-2.0.3.tar.gz", hash = "sha256:c46c3ace2d744cfbdebceaa3c19ae691f53ae621b39fd7570f59d14fb7f2fd12"},
    {file = "charset_normalizer-2.0.3-py3-none-any.whl", hash = "sha256:88fce3fa5b1a84fdcb3f603d889f723d1dd89b26059d0123ca435570e848d5e1"},
]
cython = [
    {file = "Cython-0.29.24-cp27-cp27m-macosx_10_9_x86_64.whl", hash = "sha256:6a2cf2ccccc25413864928dfd730c29db6f63eaf98206c1e600003a445ca7f58"},
    {file = "Cython-0.29.24-cp27-cp27m-manylinux1_i686.whl", hash = "sha256:b28f92e617f540d3f21f8fd479a9c6491be920ffff672a4c61b7fc4d7f749f39"},
    {file = "Cython-0.29.24-cp27-cp27m-manylinux1_x86_64.whl", hash = "sha256:37bcfa5df2a3009f49624695d917c3804fccbdfcdc5eda6378754a879711a4d5"},
    {file = "Cython-0.29.24-cp27-cp27m-win32.whl", hash = "sha256:9164aeef1af6f837e4fc20402a31d256188ba4d535e262c6cb78caf57ad744f8"},
    {file = "Cython-0.29.24-cp27-cp27m-win_amd64.whl", hash = "sha256:73ac33a4379056a02031baa4def255717fadb9181b5ac2b244792d53eae1c925"},
    {file = "Cython-0.29.24-cp27-cp27mu-manylinux1_i686.whl", hash = "sha256:09ac3087ac7a3d489ebcb3fb8402e00c13d1a3a1c6bc73fd3b0d756a3e341e79"},
    {file = "Cython-0.29.24-cp27-cp27mu-manylinux1_x86_64.whl", hash = "sha256:774cb8fd931ee1ba52c472bc1c19077cd6895c1b24014ae07bb27df59aed5ebe"},
    {file = "Cython-0.29.24-cp34-cp34m-win32.whl", hash = "sha256:5dd56d0be50073f0e54825a8bc3393852de0eed126339ecbca0ae149dba55cfc"},
    {file = "Cython-0.29.24-cp34-cp34m-win_amd64.whl", hash = "sha256:88dc3c250dec280b0489a83950b15809762e27232f4799b1b8d0bad503f5ab84"},
    {file = "Cython-0.29.24-cp35-cp35m-manylinux1_i686.whl", hash = "sha256:5fa12ebafc2f688ea6d26ab6d1d2e634a9872509ba7135b902bb0d8b368fb04b"},
    {file = "Cython-0.29.24-cp35-cp35m-manylinux1_x86_64.whl", hash = "sha256:60c958bcab0ff315b4036a949bed1c65334e1f6a69e17e9966d742febb59043a"},
    {file = "Cython-0.29.24-cp35-cp35m-win32.whl", hash = "sha256:166f9f29cd0058ce1a14a7b3a2458b849ed34b1ec5fd4108af3fdd2c24afcbb0"},
    {file = "Cython-0.29.24-cp35-cp35m-win_amd64.whl", hash = "sha256:76cbca0188d278e93d12ebdaf5990678e6e436485fdfad49dbe9b07717d41a3c"},
    {file = "Cython-0.29.24-cp36-cp36m-macosx_10_9_x86_64.whl", hash = "sha256:f2e9381497b12e8f622af620bde0d1d094035d79b899abb2ddd3a7891f535083"},
    {file = "Cython-0.29.24-cp36-cp36m-manylinux1_i686.whl", hash = "sha256:d8d1a087f35e39384303f5e6b75d465d6f29d746d7138eae9d3b6e8e6f769eae"},
    {file = "Cython-0.29.24-cp36-cp36m-manylinux1_x86_64.whl", hash = "sha256:112efa54a58293a4fb0acf0dd8e5b3736e95b595eee24dd88615648e445abe41"},
    {file = "Cython-0.29.24-cp36-cp36m-manylinux_2_17_aarch64.manylinux2014_aarch64.whl", hash = "sha256:4cf4452f0e4d50e11701bca38f3857fe6fa16593e7fd6a4d5f7be66f611b7da2"},
    {file = "Cython-0.29.24-cp36-cp36m-win32.whl", hash = "sha256:854fe2193d3ad4c8b61932ff54d6dbe10c5fa8749eb8958d72cc0ab28243f833"},
    {file = "Cython-0.29.24-cp36-cp36m-win_amd64.whl", hash = "sha256:84826ec1c11cda56261a252ddecac0c7d6b02e47e81b94f40b27b4c23c29c17c"},
    {file = "Cython-0.29.24-cp37-cp37m-macosx_10_9_x86_64.whl", hash = "sha256:6ade74eece909fd3a437d9a5084829180751d7ade118e281e9824dd75eafaff2"},
    {file = "Cython-0.29.24-cp37-cp37m-manylinux1_i686.whl", hash = "sha256:0a142c6b862e6ed6b02209d543062c038c110585b5e32d1ad7c9717af4f07e41"},
    {file = "Cython-0.29.24-cp37-cp37m-manylinux1_x86_64.whl", hash = "sha256:10cb3def9774fa99e4583617a5616874aed3255dc241fd1f4a3c2978c78e1c53"},
    {file = "Cython-0.29.24-cp37-cp37m-manylinux_2_17_aarch64.manylinux2014_aarch64.whl", hash = "sha256:2f41ef7edd76dd23315925e003f0c58c8585f3ab24be6885c4b3f60e77c82746"},
    {file = "Cython-0.29.24-cp37-cp37m-win32.whl", hash = "sha256:821c2d416ad7d006b069657ee1034c0e0cb45bdbe9ab6ab631e8c495dfcfa4ac"},
    {file = "Cython-0.29.24-cp37-cp37m-win_amd64.whl", hash = "sha256:2d9e61ed1056a3b6a4b9156b62297ad18b357a7948e57a2f49b061217696567e"},
    {file = "Cython-0.29.24-cp38-cp38-macosx_10_9_x86_64.whl", hash = "sha256:55b0ee28c2c8118bfb3ad9b25cf7a6cbd724e442ea96956e32ccd908d5e3e043"},
    {file = "Cython-0.29.24-cp38-cp38-manylinux1_i686.whl", hash = "sha256:eb2843f8cc01c645725e6fc690a84e99cdb266ce8ebe427cf3a680ff09f876aa"},
    {file = "Cython-0.29.24-cp38-cp38-manylinux1_x86_64.whl", hash = "sha256:661dbdea519d9cfb288867252b75fef73ffa8e8bb674cec27acf70646afb369b"},
    {file = "Cython-0.29.24-cp38-cp38-manylinux_2_17_aarch64.manylinux2014_aarch64.whl", hash = "sha256:bc05de569f811be1fcfde6756c9048ae518f0c4b6d9f8f024752c5365d934cac"},
    {file = "Cython-0.29.24-cp38-cp38-win32.whl", hash = "sha256:a102cfa795c6b3b81a29bdb9dbec545367cd7f353c03e6f30a056fdfefd92854"},
    {file = "Cython-0.29.24-cp38-cp38-win_amd64.whl", hash = "sha256:416046a98255eff97ec02077d20ebeaae52682dfca1c35aadf31260442b92514"},
    {file = "Cython-0.29.24-cp39-cp39-macosx_10_9_x86_64.whl", hash = "sha256:ad43e684ade673565f6f9d6638015112f6c7f11aa2a632167b79014f613f0f5f"},
    {file = "Cython-0.29.24-cp39-cp39-manylinux1_i686.whl", hash = "sha256:afb521523cb46ddaa8d269b421f88ea2731fee05e65b952b96d4db760f5a2a1c"},
    {file = "Cython-0.29.24-cp39-cp39-manylinux1_x86_64.whl", hash = "sha256:0d414458cb22f8a90d64260da6dace5d5fcebde43f31be52ca51f818c46db8cb"},
    {file = "Cython-0.29.24-cp39-cp39-manylinux_2_17_aarch64.manylinux2014_aarch64.whl", hash = "sha256:8cb87777e82d1996aef6c146560a19270684271c9c669ba62ac6803b3cd2ff82"},
    {file = "Cython-0.29.24-cp39-cp39-win32.whl", hash = "sha256:91339ee4b465924a3ea4b2a9cec7f7227bc4cadf673ce859d24c2b9ef60b1214"},
    {file = "Cython-0.29.24-cp39-cp39-win_amd64.whl", hash = "sha256:5fb977945a2111f6b64501fdf7ed0ec162cc502b84457fd648d6a558ea8de0d6"},
    {file = "Cython-0.29.24-py2.py3-none-any.whl", hash = "sha256:f96411f0120b5cae483923aaacd2872af8709be4b46522daedc32f051d778385"},
    {file = "Cython-0.29.24.tar.gz", hash = "sha256:cdf04d07c3600860e8c2ebaad4e8f52ac3feb212453c1764a49ac08c827e8443"},
]
docutils = [
    {file = "docutils-0.17.1-py2.py3-none-any.whl", hash = "sha256:cf316c8370a737a022b72b56874f6602acf974a37a9fba42ec2876387549fc61"},
    {file = "docutils-0.17.1.tar.gz", hash = "sha256:686577d2e4c32380bb50cbb22f575ed742d58168cee37e99117a854bcd88f125"},
]
idna = [
    {file = "idna-3.2-py3-none-any.whl", hash = "sha256:14475042e284991034cb48e06f6851428fb14c4dc953acd9be9a5e95c7b6dd7a"},
    {file = "idna-3.2.tar.gz", hash = "sha256:467fbad99067910785144ce333826c71fb0e63a425657295239737f7ecd125f3"},
]
kivy = [
    {file = "Kivy-2.0.0-cp36-cp36m-macosx_10_14_x86_64.macosx_10_9_intel.macosx_10_9_x86_64.macosx_10_10_intel.macosx_10_10_x86_64.whl", hash = "sha256:256846daa1a35b54b00426f7468423a962c3d8f909d7e8c713acab55c3281dee"},
    {file = "Kivy-2.0.0-cp36-cp36m-manylinux2010_x86_64.whl", hash = "sha256:bfb6b801599eac5aa9388308119d42a637a495945c79e2e2a3f6ef60c563c770"},
    {file = "Kivy-2.0.0-cp36-cp36m-win32.whl", hash = "sha256:aae542f2c030d4d95f5a717b7c862cd9537b74b99010b08807db63fdd9b029e0"},
    {file = "Kivy-2.0.0-cp36-cp36m-win_amd64.whl", hash = "sha256:5bd7dba6b0bc1f71623fa734fd63e38038772336995a334718cf8474a877eb40"},
    {file = "Kivy-2.0.0-cp37-cp37m-macosx_10_14_x86_64.macosx_10_9_intel.macosx_10_9_x86_64.macosx_10_10_intel.macosx_10_10_x86_64.whl", hash = "sha256:ed1c3076d9ef1171f6076b3b97215e5c0bcea831ca308722677611a551f16b1b"},
    {file = "Kivy-2.0.0-cp37-cp37m-manylinux2010_x86_64.whl", hash = "sha256:eb1cc4c1e223e290d413a383ac864d29d098b8abba8e881159c7d1177c6579af"},
    {file = "Kivy-2.0.0-cp37-cp37m-win32.whl", hash = "sha256:ef3727a47a565e6ea486365ee310bfb0445fcf7f0ab40c1461cbf304973637eb"},
    {file = "Kivy-2.0.0-cp37-cp37m-win_amd64.whl", hash = "sha256:a4a693d6d1fc26928498512b9da797581e407543a644b4e0c92b9297ea2fbec9"},
    {file = "Kivy-2.0.0-cp38-cp38-macosx_10_14_x86_64.macosx_10_9_intel.macosx_10_9_x86_64.macosx_10_10_intel.macosx_10_10_x86_64.whl", hash = "sha256:eca7bde37a2cffffdcdde85ac385c2e55d776333db00be0497bf884f61022d24"},
    {file = "Kivy-2.0.0-cp38-cp38-manylinux2010_x86_64.whl", hash = "sha256:98ed5f46f05707a80e32a4fdd7e9fce4ac5f15da8fc83f91d5769dc66f137e20"},
    {file = "Kivy-2.0.0-cp38-cp38-win32.whl", hash = "sha256:7d736474c8075d6ee17203bd5bd42d74307239409442b27d5bcb3f3641ab0414"},
    {file = "Kivy-2.0.0-cp38-cp38-win_amd64.whl", hash = "sha256:86cf1f0e40ef411872c9dbc75fc1e17ec6579d1e55cafe286da6c67c07dba4cb"},
    {file = "Kivy-2.0.0-cp39-cp39-macosx_10_14_x86_64.macosx_10_9_intel.macosx_10_9_x86_64.macosx_10_10_intel.macosx_10_10_x86_64.whl", hash = "sha256:23a7538f9c02e5d7f82f0b92d7fd313fa21ee8f0bd9890283fc7e7b02090f101"},
    {file = "Kivy-2.0.0-cp39-cp39-manylinux2010_x86_64.whl", hash = "sha256:802982bbc7ff45bc2fa8af3816008252a3e63ded949a9f5ed6d361ecb3cfc2b7"},
    {file = "Kivy-2.0.0-cp39-cp39-win32.whl", hash = "sha256:3e739c04d3a2f38cb76779d721487131cff8ed84dbc1730d5025d62306bf6e52"},
    {file = "Kivy-2.0.0-cp39-cp39-win_amd64.whl", hash = "sha256:8973ed9f0cb0d9ef0f3a520841c61c0093788a7382e8ebe7c108ec03766d9fef"},
    {file = "Kivy-2.0.0.tar.gz", hash = "sha256:d25e44eb44e43762b2fd0c5874e51954e0f1181fd9800d8a6756be6d084812d8"},
]
"kivy-deps.angle" = [
    {file = "kivy_deps.angle-0.3.0-cp36-cp36m-win32.whl", hash = "sha256:a2cea09e8a5e899629466403fbd540459f1cdef8d08c6c479b6607b95309be02"},
    {file = "kivy_deps.angle-0.3.0-cp36-cp36m-win_amd64.whl", hash = "sha256:b167e19b3eea55a9a8c606a607bb909ec1bedda88deee40347c780b310155a79"},
    {file = "kivy_deps.angle-0.3.0-cp37-cp37m-win32.whl", hash = "sha256:d0e7b7b9eb9669837a5d70808a7ea45f2b61961b56f9f69a233bad6bd36ce260"},
    {file = "kivy_deps.angle-0.3.0-cp37-cp37m-win_amd64.whl", hash = "sha256:b9d07976b0bf6bac724a42aa8ed5a8c7caa95609046db30c8f15bb731f8e4d36"},
    {file = "kivy_deps.angle-0.3.0-cp38-cp38-win32.whl", hash = "sha256:99c40d53582a958748e251dfbd61aa67fb85963e27529ca08a21f2f5eeed04e1"},
    {file = "kivy_deps.angle-0.3.0-cp38-cp38-win_amd64.whl", hash = "sha256:50605fdd4c9fdbe9f717069734a598a9aba0afe5d3f0412afbe2ecff0326e92d"},
    {file = "kivy_deps.angle-0.3.0-cp39-cp39-win32.whl", hash = "sha256:64ac7f33c000585dc30194e604aed925972c6b7c3848b5c3b073ae916fb0b55c"},
    {file = "kivy_deps.angle-0.3.0-cp39-cp39-win_amd64.whl", hash = "sha256:bb4d53f15a093214adbbe205c108ede5cc0f6af6eff104c1b8c468ddaaf6400a"},
]
"kivy-deps.glew" = [
    {file = "kivy_deps.glew-0.3.0-cp36-cp36m-win32.whl", hash = "sha256:5a63e3dd0affef2613410fe5b9b8572f1932ae2285db60071446d62f37961825"},
    {file = "kivy_deps.glew-0.3.0-cp36-cp36m-win_amd64.whl", hash = "sha256:28aa195875a767314b12091842bdcf832401077f9e65dd9975059ddb978f2f75"},
    {file = "kivy_deps.glew-0.3.0-cp37-cp37m-win32.whl", hash = "sha256:6c941f321fa8fd34083054f74b9a810bc2a1f3e2560e4fa3df31995c9971f94a"},
    {file = "kivy_deps.glew-0.3.0-cp37-cp37m-win_amd64.whl", hash = "sha256:f836e249970b2e1fc0a0d1bd3716892165ee5180214c071c0f804a934c363396"},
    {file = "kivy_deps.glew-0.3.0-cp38-cp38-win32.whl", hash = "sha256:4166c62999ed8a68036540bf154e25cc92ec1563fe78111926238f59b44a9af3"},
    {file = "kivy_deps.glew-0.3.0-cp38-cp38-win_amd64.whl", hash = "sha256:3e6f3376ea65b3ced19f07c63f831aa8d3028fac6970d01b400b031fbb8bbe4d"},
    {file = "kivy_deps.glew-0.3.0-cp39-cp39-win32.whl", hash = "sha256:a79cc62489b1fc8dbe62aab7482865c670e1e781ec9b3f0d93f5bc87423af435"},
    {file = "kivy_deps.glew-0.3.0-cp39-cp39-win_amd64.whl", hash = "sha256:a57fece21c313c90c0f51a0c2b3e172a2f807bee867e0e5fad1cc014213a3543"},
]
"kivy-deps.sdl2" = [
    {file = "kivy_deps.sdl2-0.3.1-cp36-cp36m-win32.whl", hash = "sha256:549e6423f55216bc761a11ec91508eb6fe836ffb984c7a3c7a58b7543d8f8f77"},
    {file = "kivy_deps.sdl2-0.3.1-cp36-cp36m-win_amd64.whl", hash = "sha256:560de04f15f59e8e94955442b72d1a1164989d3d502b5a9d132437a4c229e52f"},
    {file = "kivy_deps.sdl2-0.3.1-cp37-cp37m-win32.whl", hash = "sha256:a7cee2215eb428b0be34c1da0fad806036b1382804c0e4ef62b19b11320c8462"},
    {file = "kivy_deps.sdl2-0.3.1-cp37-cp37m-win_amd64.whl", hash = "sha256:3e37948c010681e3f58c408940e62106226a2b1e5a2bf7764469cfd683025698"},
    {file = "kivy_deps.sdl2-0.3.1-cp38-cp38-win32.whl", hash = "sha256:e9ad50f2f469c8bd92720f547ab722cc36ef13c1a25ef78154b6ab90d48bd960"},
    {file = "kivy_deps.sdl2-0.3.1-cp38-cp38-win_amd64.whl", hash = "sha256:984e7fa9e1fe06fd902bb745e986300b65e00ba0eb4ecfe278f52a1915370cd0"},
    {file = "kivy_deps.sdl2-0.3.1-cp39-cp39-win32.whl", hash = "sha256:50726d6aeba460be1a9bd944ff0e763e58e122ef04b82ccbd03947ae7585cde4"},
    {file = "kivy_deps.sdl2-0.3.1-cp39-cp39-win_amd64.whl", hash = "sha256:4a5550410e2649b72984d294fb45564bc8d76fc0bef009406d8cb328d994855c"},
]
kivy-garden = [
    {file = "Kivy Garden-0.1.4.tar.gz", hash = "sha256:9b7d9de5efacbcd0c4b3dd873b30622a86093c9965aa47b523c7a32f3eb34610"},
    {file = "kivy-garden-0.1.4.tar.gz", hash = "sha256:c256f42788421273a08fbb0a228f0fb0e80dd86b629fb8c0920507f645be6c72"},
]
kivymd = [
    {file = "kivymd-0.104.2-py3-none-any.whl", hash = "sha256:c1fbbdaa31b62fa925abac1cadadfdf178a15f1adc3f2e2452e1496a91eab8e1"},
    {file = "kivymd-0.104.2.tar.gz", hash = "sha256:97bc1f9442d25ff9dbd617d5ca74d53e757b92c68636a388e22d3f05a4f19c12"},
]
pillow = [
    {file = "Pillow-8.3.1-1-cp36-cp36m-win_amd64.whl", hash = "sha256:fd7eef578f5b2200d066db1b50c4aa66410786201669fb76d5238b007918fb24"},
    {file = "Pillow-8.3.1-1-cp37-cp37m-win_amd64.whl", hash = "sha256:75e09042a3b39e0ea61ce37e941221313d51a9c26b8e54e12b3ececccb71718a"},
    {file = "Pillow-8.3.1-1-cp38-cp38-win_amd64.whl", hash = "sha256:c0e0550a404c69aab1e04ae89cca3e2a042b56ab043f7f729d984bf73ed2a093"},
    {file = "Pillow-8.3.1-1-cp39-cp39-win_amd64.whl", hash = "sha256:479ab11cbd69612acefa8286481f65c5dece2002ffaa4f9db62682379ca3bb77"},
    {file = "Pillow-8.3.1-1-pp37-pypy37_pp73-win_amd64.whl", hash = "sha256:f156d6ecfc747ee111c167f8faf5f4953761b5e66e91a4e6767e548d0f80129c"},
    {file = "Pillow-8.3.1-cp36-cp36m-macosx_10_10_x86_64.whl", hash = "sha256:196560dba4da7a72c5e7085fccc5938ab4075fd37fe8b5468869724109812edd"},
    {file = "Pillow-8.3.1-cp36-cp36m-manylinux_2_17_aarch64.manylinux2014_aarch64.whl", hash = "sha256:29c9569049d04aaacd690573a0398dbd8e0bf0255684fee512b413c2142ab723"},
    {file = "Pillow-8.3.1-cp36-cp36m-manylinux_2_5_i686.manylinux1_i686.whl", hash = "sha256:c088a000dfdd88c184cc7271bfac8c5b82d9efa8637cd2b68183771e3cf56f04"},
    {file = "Pillow-8.3.1-cp36-cp36m-manylinux_2_5_x86_64.manylinux1_x86_64.whl", hash = "sha256:fc214a6b75d2e0ea7745488da7da3c381f41790812988c7a92345978414fad37"},
    {file = "Pillow-8.3.1-cp36-cp36m-win32.whl", hash = "sha256:a17ca41f45cf78c2216ebfab03add7cc350c305c38ff34ef4eef66b7d76c5229"},
    {file = "Pillow-8.3.1-cp36-cp36m-win_amd64.whl", hash = "sha256:67b3666b544b953a2777cb3f5a922e991be73ab32635666ee72e05876b8a92de"},
    {file = "Pillow-8.3.1-cp37-cp37m-macosx_10_10_x86_64.whl", hash = "sha256:ff04c373477723430dce2e9d024c708a047d44cf17166bf16e604b379bf0ca14"},
    {file = "Pillow-8.3.1-cp37-cp37m-manylinux_2_17_aarch64.manylinux2014_aarch64.whl", hash = "sha256:9364c81b252d8348e9cc0cb63e856b8f7c1b340caba6ee7a7a65c968312f7dab"},
    {file = "Pillow-8.3.1-cp37-cp37m-manylinux_2_5_i686.manylinux1_i686.whl", hash = "sha256:a2f381932dca2cf775811a008aa3027671ace723b7a38838045b1aee8669fdcf"},
    {file = "Pillow-8.3.1-cp37-cp37m-manylinux_2_5_x86_64.manylinux1_x86_64.whl", hash = "sha256:d0da39795049a9afcaadec532e7b669b5ebbb2a9134576ebcc15dd5bdae33cc0"},
    {file = "Pillow-8.3.1-cp37-cp37m-win32.whl", hash = "sha256:2b6dfa068a8b6137da34a4936f5a816aba0ecc967af2feeb32c4393ddd671cba"},
    {file = "Pillow-8.3.1-cp37-cp37m-win_amd64.whl", hash = "sha256:a4eef1ff2d62676deabf076f963eda4da34b51bc0517c70239fafed1d5b51500"},
    {file = "Pillow-8.3.1-cp38-cp38-macosx_10_10_x86_64.whl", hash = "sha256:660a87085925c61a0dcc80efb967512ac34dbb256ff7dd2b9b4ee8dbdab58cf4"},
    {file = "Pillow-8.3.1-cp38-cp38-macosx_11_0_arm64.whl", hash = "sha256:15a2808e269a1cf2131930183dcc0419bc77bb73eb54285dde2706ac9939fa8e"},
    {file = "Pillow-8.3.1-cp38-cp38-manylinux_2_17_aarch64.manylinux2014_aarch64.whl", hash = "sha256:969cc558cca859cadf24f890fc009e1bce7d7d0386ba7c0478641a60199adf79"},
    {file = "Pillow-8.3.1-cp38-cp38-manylinux_2_5_i686.manylinux1_i686.whl", hash = "sha256:2ee77c14a0299d0541d26f3d8500bb57e081233e3fa915fa35abd02c51fa7fae"},
    {file = "Pillow-8.3.1-cp38-cp38-manylinux_2_5_x86_64.manylinux1_x86_64.whl", hash = "sha256:c11003197f908878164f0e6da15fce22373ac3fc320cda8c9d16e6bba105b844"},
    {file = "Pillow-8.3.1-cp38-cp38-win32.whl", hash = "sha256:3f08bd8d785204149b5b33e3b5f0ebbfe2190ea58d1a051c578e29e39bfd2367"},
    {file = "Pillow-8.3.1-cp38-cp38-win_amd64.whl", hash = "sha256:70af7d222df0ff81a2da601fab42decb009dc721545ed78549cb96e3a1c5f0c8"},
    {file = "Pillow-8.3.1-cp39-cp39-macosx_10_10_x86_64.whl", hash = "sha256:37730f6e68bdc6a3f02d2079c34c532330d206429f3cee651aab6b66839a9f0e"},
    {file = "Pillow-8.3.1-cp39-cp39-macosx_11_0_arm64.whl", hash = "sha256:4bc3c7ef940eeb200ca65bd83005eb3aae8083d47e8fcbf5f0943baa50726856"},
    {file = "Pillow-8.3.1-cp39-cp39-manylinux_2_17_aarch64.manylinux2014_aarch64.whl", hash = "sha256:c35d09db702f4185ba22bb33ef1751ad49c266534339a5cebeb5159d364f6f82"},
    {file = "Pillow-8.3.1-cp39-cp39-manylinux_2_5_i686.manylinux1_i686.whl", hash = "sha256:0b2efa07f69dc395d95bb9ef3299f4ca29bcb2157dc615bae0b42c3c20668ffc"},
    {file = "Pillow-8.3.1-cp39-cp39-manylinux_2_5_x86_64.manylinux1_x86_64.whl", hash = "sha256:cc866706d56bd3a7dbf8bac8660c6f6462f2f2b8a49add2ba617bc0c54473d83"},
    {file = "Pillow-8.3.1-cp39-cp39-win32.whl", hash = "sha256:9a211b663cf2314edbdb4cf897beeb5c9ee3810d1d53f0e423f06d6ebbf9cd5d"},
    {file = "Pillow-8.3.1-cp39-cp39-win_amd64.whl", hash = "sha256:c2a5ff58751670292b406b9f06e07ed1446a4b13ffced6b6cab75b857485cbc8"},
    {file = "Pillow-8.3.1-pp36-pypy36_pp73-macosx_10_10_x86_64.whl", hash = "sha256:c379425c2707078dfb6bfad2430728831d399dc95a7deeb92015eb4c92345eaf"},
    {file = "Pillow-8.3.1-pp36-pypy36_pp73-manylinux_2_12_i686.manylinux2010_i686.whl", hash = "sha256:114f816e4f73f9ec06997b2fde81a92cbf0777c9e8f462005550eed6bae57e63"},
    {file = "Pillow-8.3.1-pp36-pypy36_pp73-manylinux_2_12_x86_64.manylinux2010_x86_64.whl", hash = "sha256:8960a8a9f4598974e4c2aeb1bff9bdd5db03ee65fd1fce8adf3223721aa2a636"},
    {file = "Pillow-8.3.1-pp37-pypy37_pp73-macosx_10_10_x86_64.whl", hash = "sha256:147bd9e71fb9dcf08357b4d530b5167941e222a6fd21f869c7911bac40b9994d"},
    {file = "Pillow-8.3.1-pp37-pypy37_pp73-manylinux_2_12_i686.manylinux2010_i686.whl", hash = "sha256:1fd5066cd343b5db88c048d971994e56b296868766e461b82fa4e22498f34d77"},
    {file = "Pillow-8.3.1-pp37-pypy37_pp73-manylinux_2_12_x86_64.manylinux2010_x86_64.whl", hash = "sha256:f4ebde71785f8bceb39dcd1e7f06bcc5d5c3cf48b9f69ab52636309387b097c8"},
    {file = "Pillow-8.3.1-pp37-pypy37_pp73-win_amd64.whl", hash = "sha256:1c03e24be975e2afe70dfc5da6f187eea0b49a68bb2b69db0f30a61b7031cee4"},
    {file = "Pillow-8.3.1.tar.gz", hash = "sha256:2cac53839bfc5cece8fdbe7f084d5e3ee61e1303cccc86511d351adcb9e2c792"},
]
pygments = [
    {file = "Pygments-2.9.0-py3-none-any.whl", hash = "sha256:d66e804411278594d764fc69ec36ec13d9ae9147193a1740cd34d272ca383b8e"},
    {file = "Pygments-2.9.0.tar.gz", hash = "sha256:a18f47b506a429f6f4b9df81bb02beab9ca21d0a5fee38ed15aef65f0545519f"},
]
pyoxidizer = [
    {file = "pyoxidizer-0.16.2-py3-none-macosx_10_9_x86_64.whl", hash = "sha256:f1ef9cca74a9146e403e40d5c67177aab56d32be7a998907634fede2dc4523e5"},
    {file = "pyoxidizer-0.16.2-py3-none-macosx_11_0_arm64.whl", hash = "sha256:9fa7586044bc8b76047f13a65f9e9800bc06afb76039a3811453b9421085ef18"},
    {file = "pyoxidizer-0.16.2-py3-none-manylinux2010_i686.whl", hash = "sha256:8d00e894227ae10dcfc6d4bbd721ab1d3d550a73bed9176367d78ae6a33384a7"},
    {file = "pyoxidizer-0.16.2-py3-none-manylinux2010_x86_64.whl", hash = "sha256:9b6535fd8735c2a9f1e397044044ef91c2c5596fb00a737ba453985a57ce722a"},
    {file = "pyoxidizer-0.16.2-py3-none-win32.whl", hash = "sha256:70485039d999e46467871c4466daad1e54ffc0127039712ebb815808fb3b282f"},
    {file = "pyoxidizer-0.16.2-py3-none-win_amd64.whl", hash = "sha256:ab13f619802d75e009acb892c5a93b048aaf6b1e8747641c0b4d31bbc61aacc6"},
]
pypiwin32 = [
    {file = "pypiwin32-223-py3-none-any.whl", hash = "sha256:67adf399debc1d5d14dffc1ab5acacb800da569754fafdc576b2a039485aa775"},
    {file = "pypiwin32-223.tar.gz", hash = "sha256:71be40c1fbd28594214ecaecb58e7aa8b708eabfa0125c8a109ebd51edbd776a"},
]
pywin32 = [
    {file = "pywin32-301-cp35-cp35m-win32.whl", hash = "sha256:93367c96e3a76dfe5003d8291ae16454ca7d84bb24d721e0b74a07610b7be4a7"},
    {file = "pywin32-301-cp35-cp35m-win_amd64.whl", hash = "sha256:9635df6998a70282bd36e7ac2a5cef9ead1627b0a63b17c731312c7a0daebb72"},
    {file = "pywin32-301-cp36-cp36m-win32.whl", hash = "sha256:c866f04a182a8cb9b7855de065113bbd2e40524f570db73ef1ee99ff0a5cc2f0"},
    {file = "pywin32-301-cp36-cp36m-win_amd64.whl", hash = "sha256:dafa18e95bf2a92f298fe9c582b0e205aca45c55f989937c52c454ce65b93c78"},
    {file = "pywin32-301-cp37-cp37m-win32.whl", hash = "sha256:98f62a3f60aa64894a290fb7494bfa0bfa0a199e9e052e1ac293b2ad3cd2818b"},
    {file = "pywin32-301-cp37-cp37m-win_amd64.whl", hash = "sha256:fb3b4933e0382ba49305cc6cd3fb18525df7fd96aa434de19ce0878133bf8e4a"},
    {file = "pywin32-301-cp38-cp38-win32.whl", hash = "sha256:88981dd3cfb07432625b180f49bf4e179fb8cbb5704cd512e38dd63636af7a17"},
    {file = "pywin32-301-cp38-cp38-win_amd64.whl", hash = "sha256:8c9d33968aa7fcddf44e47750e18f3d034c3e443a707688a008a2e52bbef7e96"},
    {file = "pywin32-301-cp39-cp39-win32.whl", hash = "sha256:595d397df65f1b2e0beaca63a883ae6d8b6df1cdea85c16ae85f6d2e648133fe"},
    {file = "pywin32-301-cp39-cp39-win_amd64.whl", hash = "sha256:87604a4087434cd814ad8973bd47d6524bd1fa9e971ce428e76b62a5e0860fdf"},
]
requests = [
    {file = "requests-2.26.0-py2.py3-none-any.whl", hash = "sha256:6c1246513ecd5ecd4528a0906f910e8f0f9c6b8ec72030dc9fd154dc1a6efd24"},
    {file = "requests-2.26.0.tar.gz", hash = "sha256:b8aa58f8cf793ffd8782d3d8cb19e66ef36f7aba4353eec859e74678b01b07a7"},
]
ttkthemes = [
    {file = "ttkthemes-3.2.2.tar.gz", hash = "sha256:01daed001f2ff0e4f32832a0d9ea48176c0c505203b030756bdde3bd1bcb21d2"},
]
urllib3 = [
    {file = "urllib3-1.26.6-py2.py3-none-any.whl", hash = "sha256:39fb8672126159acb139a7718dd10806104dec1e2f0f6c88aab05d17df10c8d4"},
    {file = "urllib3-1.26.6.tar.gz", hash = "sha256:f57b4c16c62fa2760b7e3d97c35b255512fb6b59a259730f36ba32ce9f8e342f"},
]
