[[package]]
name = "begins"
version = "0.9"
description = "Command line programs for busy developers"
category = "main"
optional = false
python-versions = "*"

[package.dependencies]
funcsigs = "*"

[[package]]
name = "cython"
version = "0.29.24"
description = "The Cython compiler for writing C extensions for the Python language."
category = "main"
optional = false
python-versions = ">=2.6, !=3.0.*, !=3.1.*, !=3.2.*"

[[package]]
name = "easycython"
version = "1.0.7"
description = "Compile .pyx to (.pyd|.so) very easily."
category = "main"
optional = false
python-versions = "*"

[package.dependencies]
begins = "*"
cython = "*"
numpy = "*"

[[package]]
name = "funcsigs"
version = "1.0.2"
description = "Python function signatures from PEP362 for Python 2.6, 2.7 and 3.2+"
category = "main"
optional = false
python-versions = "*"

[[package]]
name = "numpy"
version = "1.21.1"
description = "NumPy is the fundamental package for array computing with Python."
category = "main"
optional = false
python-versions = ">=3.7"

[metadata]
lock-version = "1.1"
python-versions = "^3.9"
content-hash = "132bd9afb595405fea8d254f3b2c7dc2e872fd8c7b0615efdd16dc07f3ead9d8"

[metadata.files]
begins = [
    {file = "begins-0.9-py2-none-any.whl", hash = "sha256:1aebcdc04a36d64d6462f38fc0ece62fa1b96262db5a7a680eec782b75ceee66"},
    {file = "begins-0.9.tar.gz", hash = "sha256:98864dc7593ce438074ed30e4c030dcb37e795376726d9150d557ed9d868ef55"},
]
cython = [
    {file = "Cython-0.29.24-cp27-cp27m-macosx_10_9_x86_64.whl", hash = "sha256:6a2cf2ccccc25413864928dfd730c29db6f63eaf98206c1e600003a445ca7f58"},
    {file = "Cython-0.29.24-cp27-cp27m-manylinux1_i686.whl", hash = "sha256:b28f92e617f540d3f21f8fd479a9c6491be920ffff672a4c61b7fc4d7f749f39"},
    {file = "Cython-0.29.24-cp27-cp27m-manylinux1_x86_64.whl", hash = "sha256:37bcfa5df2a3009f49624695d917c3804fccbdfcdc5eda6378754a879711a4d5"},
    {file = "Cython-0.29.24-cp27-cp27m-win32.whl", hash = "sha256:9164aeef1af6f837e4fc20402a31d256188ba4d535e262c6cb78caf57ad744f8"},
    {file = "Cython-0.29.24-cp27-cp27m-win_amd64.whl", hash = "sha256:73ac33a4379056a02031baa4def255717fadb9181b5ac2b244792d53eae1c925"},
    {file = "Cython-0.29.24-cp27-cp27mu-manylinux1_i686.whl", hash = "sha256:09ac3087ac7a3d489ebcb3fb8402e00c13d1a3a1c6bc73fd3b0d756a3e341e79"},
    {file = "Cython-0.29.24-cp27-cp27mu-manylinux1_x86_64.whl", hash = "sha256:774cb8fd931ee1ba52c472bc1c19077cd6895c1b24014ae07bb27df59aed5ebe"},
    {file = "Cython-0.29.24-cp34-cp34m-win32.whl", hash = "sha256:5dd56d0be50073f0e54825a8bc3393852de0eed126339ecbca0ae149dba55cfc"},
    {file = "Cython-0.29.24-cp34-cp34m-win_amd64.whl", hash = "sha256:88dc3c250dec280b0489a83950b15809762e27232f4799b1b8d0bad503f5ab84"},
    {file = "Cython-0.29.24-cp35-cp35m-manylinux1_i686.whl", hash = "sha256:5fa12ebafc2f688ea6d26ab6d1d2e634a9872509ba7135b902bb0d8b368fb04b"},
    {file = "Cython-0.29.24-cp35-cp35m-manylinux1_x86_64.whl", hash = "sha256:60c958bcab0ff315b4036a949bed1c65334e1f6a69e17e9966d742febb59043a"},
    {file = "Cython-0.29.24-cp35-cp35m-win32.whl", hash = "sha256:166f9f29cd0058ce1a14a7b3a2458b849ed34b1ec5fd4108af3fdd2c24afcbb0"},
    {file = "Cython-0.29.24-cp35-cp35m-win_amd64.whl", hash = "sha256:76cbca0188d278e93d12ebdaf5990678e6e436485fdfad49dbe9b07717d41a3c"},
    {file = "Cython-0.29.24-cp36-cp36m-macosx_10_9_x86_64.whl", hash = "sha256:f2e9381497b12e8f622af620bde0d1d094035d79b899abb2ddd3a7891f535083"},
    {file = "Cython-0.29.24-cp36-cp36m-manylinux1_i686.whl", hash = "sha256:d8d1a087f35e39384303f5e6b75d465d6f29d746d7138eae9d3b6e8e6f769eae"},
    {file = "Cython-0.29.24-cp36-cp36m-manylinux1_x86_64.whl", hash = "sha256:112efa54a58293a4fb0acf0dd8e5b3736e95b595eee24dd88615648e445abe41"},
    {file = "Cython-0.29.24-cp36-cp36m-manylinux_2_17_aarch64.manylinux2014_aarch64.whl", hash = "sha256:4cf4452f0e4d50e11701bca38f3857fe6fa16593e7fd6a4d5f7be66f611b7da2"},
    {file = "Cython-0.29.24-cp36-cp36m-win32.whl", hash = "sha256:854fe2193d3ad4c8b61932ff54d6dbe10c5fa8749eb8958d72cc0ab28243f833"},
    {file = "Cython-0.29.24-cp36-cp36m-win_amd64.whl", hash = "sha256:84826ec1c11cda56261a252ddecac0c7d6b02e47e81b94f40b27b4c23c29c17c"},
    {file = "Cython-0.29.24-cp37-cp37m-macosx_10_9_x86_64.whl", hash = "sha256:6ade74eece909fd3a437d9a5084829180751d7ade118e281e9824dd75eafaff2"},
    {file = "Cython-0.29.24-cp37-cp37m-manylinux1_i686.whl", hash = "sha256:0a142c6b862e6ed6b02209d543062c038c110585b5e32d1ad7c9717af4f07e41"},
    {file = "Cython-0.29.24-cp37-cp37m-manylinux1_x86_64.whl", hash = "sha256:10cb3def9774fa99e4583617a5616874aed3255dc241fd1f4a3c2978c78e1c53"},
    {file = "Cython-0.29.24-cp37-cp37m-manylinux_2_17_aarch64.manylinux2014_aarch64.whl", hash = "sha256:2f41ef7edd76dd23315925e003f0c58c8585f3ab24be6885c4b3f60e77c82746"},
    {file = "Cython-0.29.24-cp37-cp37m-win32.whl", hash = "sha256:821c2d416ad7d006b069657ee1034c0e0cb45bdbe9ab6ab631e8c495dfcfa4ac"},
    {file = "Cython-0.29.24-cp37-cp37m-win_amd64.whl", hash = "sha256:2d9e61ed1056a3b6a4b9156b62297ad18b357a7948e57a2f49b061217696567e"},
    {file = "Cython-0.29.24-cp38-cp38-macosx_10_9_x86_64.whl", hash = "sha256:55b0ee28c2c8118bfb3ad9b25cf7a6cbd724e442ea96956e32ccd908d5e3e043"},
    {file = "Cython-0.29.24-cp38-cp38-manylinux1_i686.whl", hash = "sha256:eb2843f8cc01c645725e6fc690a84e99cdb266ce8ebe427cf3a680ff09f876aa"},
    {file = "Cython-0.29.24-cp38-cp38-manylinux1_x86_64.whl", hash = "sha256:661dbdea519d9cfb288867252b75fef73ffa8e8bb674cec27acf70646afb369b"},
    {file = "Cython-0.29.24-cp38-cp38-manylinux_2_17_aarch64.manylinux2014_aarch64.whl", hash = "sha256:bc05de569f811be1fcfde6756c9048ae518f0c4b6d9f8f024752c5365d934cac"},
    {file = "Cython-0.29.24-cp38-cp38-win32.whl", hash = "sha256:a102cfa795c6b3b81a29bdb9dbec545367cd7f353c03e6f30a056fdfefd92854"},
    {file = "Cython-0.29.24-cp38-cp38-win_amd64.whl", hash = "sha256:416046a98255eff97ec02077d20ebeaae52682dfca1c35aadf31260442b92514"},
    {file = "Cython-0.29.24-cp39-cp39-macosx_10_9_x86_64.whl", hash = "sha256:ad43e684ade673565f6f9d6638015112f6c7f11aa2a632167b79014f613f0f5f"},
    {file = "Cython-0.29.24-cp39-cp39-manylinux1_i686.whl", hash = "sha256:afb521523cb46ddaa8d269b421f88ea2731fee05e65b952b96d4db760f5a2a1c"},
    {file = "Cython-0.29.24-cp39-cp39-manylinux1_x86_64.whl", hash = "sha256:0d414458cb22f8a90d64260da6dace5d5fcebde43f31be52ca51f818c46db8cb"},
    {file = "Cython-0.29.24-cp39-cp39-manylinux_2_17_aarch64.manylinux2014_aarch64.whl", hash = "sha256:8cb87777e82d1996aef6c146560a19270684271c9c669ba62ac6803b3cd2ff82"},
    {file = "Cython-0.29.24-cp39-cp39-win32.whl", hash = "sha256:91339ee4b465924a3ea4b2a9cec7f7227bc4cadf673ce859d24c2b9ef60b1214"},
    {file = "Cython-0.29.24-cp39-cp39-win_amd64.whl", hash = "sha256:5fb977945a2111f6b64501fdf7ed0ec162cc502b84457fd648d6a558ea8de0d6"},
    {file = "Cython-0.29.24-py2.py3-none-any.whl", hash = "sha256:f96411f0120b5cae483923aaacd2872af8709be4b46522daedc32f051d778385"},
    {file = "Cython-0.29.24.tar.gz", hash = "sha256:cdf04d07c3600860e8c2ebaad4e8f52ac3feb212453c1764a49ac08c827e8443"},
]
easycython = [
    {file = "easycython-1.0.7-py2.py3-none-any.whl", hash = "sha256:58642848729ef3015891d67f4a396a91a53a0adeba6a5d8961df98bcd8dda7ab"},
    {file = "easycython-1.0.7.tar.gz", hash = "sha256:7f9030c93f0ca6e84053ffdcfa30bf04f432e4defff9786fa943d0c065f699ce"},
]
funcsigs = [
    {file = "funcsigs-1.0.2-py2.py3-none-any.whl", hash = "sha256:330cc27ccbf7f1e992e69fef78261dc7c6569012cf397db8d3de0234e6c937ca"},
    {file = "funcsigs-1.0.2.tar.gz", hash = "sha256:a7bb0f2cf3a3fd1ab2732cb49eba4252c2af4240442415b4abce3b87022a8f50"},
]
numpy = [
    {file = "numpy-1.21.1-cp37-cp37m-macosx_10_9_x86_64.whl", hash = "sha256:38e8648f9449a549a7dfe8d8755a5979b45b3538520d1e735637ef28e8c2dc50"},
    {file = "numpy-1.21.1-cp37-cp37m-manylinux_2_12_i686.manylinux2010_i686.whl", hash = "sha256:fd7d7409fa643a91d0a05c7554dd68aa9c9bb16e186f6ccfe40d6e003156e33a"},
    {file = "numpy-1.21.1-cp37-cp37m-manylinux_2_12_x86_64.manylinux2010_x86_64.whl", hash = "sha256:a75b4498b1e93d8b700282dc8e655b8bd559c0904b3910b144646dbbbc03e062"},
    {file = "numpy-1.21.1-cp37-cp37m-manylinux_2_17_aarch64.manylinux2014_aarch64.whl", hash = "sha256:1412aa0aec3e00bc23fbb8664d76552b4efde98fb71f60737c83efbac24112f1"},
    {file = "numpy-1.21.1-cp37-cp37m-manylinux_2_5_i686.manylinux1_i686.whl", hash = "sha256:e46ceaff65609b5399163de5893d8f2a82d3c77d5e56d976c8b5fb01faa6b671"},
    {file = "numpy-1.21.1-cp37-cp37m-manylinux_2_5_x86_64.manylinux1_x86_64.whl", hash = "sha256:c6a2324085dd52f96498419ba95b5777e40b6bcbc20088fddb9e8cbb58885e8e"},
    {file = "numpy-1.21.1-cp37-cp37m-win32.whl", hash = "sha256:73101b2a1fef16602696d133db402a7e7586654682244344b8329cdcbbb82172"},
    {file = "numpy-1.21.1-cp37-cp37m-win_amd64.whl", hash = "sha256:7a708a79c9a9d26904d1cca8d383bf869edf6f8e7650d85dbc77b041e8c5a0f8"},
    {file = "numpy-1.21.1-cp38-cp38-macosx_10_9_universal2.whl", hash = "sha256:95b995d0c413f5d0428b3f880e8fe1660ff9396dcd1f9eedbc311f37b5652e16"},
    {file = "numpy-1.21.1-cp38-cp38-macosx_10_9_x86_64.whl", hash = "sha256:635e6bd31c9fb3d475c8f44a089569070d10a9ef18ed13738b03049280281267"},
    {file = "numpy-1.21.1-cp38-cp38-macosx_11_0_arm64.whl", hash = "sha256:4a3d5fb89bfe21be2ef47c0614b9c9c707b7362386c9a3ff1feae63e0267ccb6"},
    {file = "numpy-1.21.1-cp38-cp38-manylinux_2_12_i686.manylinux2010_i686.whl", hash = "sha256:8a326af80e86d0e9ce92bcc1e65c8ff88297de4fa14ee936cb2293d414c9ec63"},
    {file = "numpy-1.21.1-cp38-cp38-manylinux_2_12_x86_64.manylinux2010_x86_64.whl", hash = "sha256:791492091744b0fe390a6ce85cc1bf5149968ac7d5f0477288f78c89b385d9af"},
    {file = "numpy-1.21.1-cp38-cp38-manylinux_2_17_aarch64.manylinux2014_aarch64.whl", hash = "sha256:0318c465786c1f63ac05d7c4dbcecd4d2d7e13f0959b01b534ea1e92202235c5"},
    {file = "numpy-1.21.1-cp38-cp38-manylinux_2_5_i686.manylinux1_i686.whl", hash = "sha256:9a513bd9c1551894ee3d31369f9b07460ef223694098cf27d399513415855b68"},
    {file = "numpy-1.21.1-cp38-cp38-manylinux_2_5_x86_64.manylinux1_x86_64.whl", hash = "sha256:91c6f5fc58df1e0a3cc0c3a717bb3308ff850abdaa6d2d802573ee2b11f674a8"},
    {file = "numpy-1.21.1-cp38-cp38-win32.whl", hash = "sha256:978010b68e17150db8765355d1ccdd450f9fc916824e8c4e35ee620590e234cd"},
    {file = "numpy-1.21.1-cp38-cp38-win_amd64.whl", hash = "sha256:9749a40a5b22333467f02fe11edc98f022133ee1bfa8ab99bda5e5437b831214"},
    {file = "numpy-1.21.1-cp39-cp39-macosx_10_9_universal2.whl", hash = "sha256:d7a4aeac3b94af92a9373d6e77b37691b86411f9745190d2c351f410ab3a791f"},
    {file = "numpy-1.21.1-cp39-cp39-macosx_10_9_x86_64.whl", hash = "sha256:d9e7912a56108aba9b31df688a4c4f5cb0d9d3787386b87d504762b6754fbb1b"},
    {file = "numpy-1.21.1-cp39-cp39-macosx_11_0_arm64.whl", hash = "sha256:25b40b98ebdd272bc3020935427a4530b7d60dfbe1ab9381a39147834e985eac"},
    {file = "numpy-1.21.1-cp39-cp39-manylinux_2_12_i686.manylinux2010_i686.whl", hash = "sha256:8a92c5aea763d14ba9d6475803fc7904bda7decc2a0a68153f587ad82941fec1"},
    {file = "numpy-1.21.1-cp39-cp39-manylinux_2_12_x86_64.manylinux2010_x86_64.whl", hash = "sha256:05a0f648eb28bae4bcb204e6fd14603de2908de982e761a2fc78efe0f19e96e1"},
    {file = "numpy-1.21.1-cp39-cp39-manylinux_2_17_aarch64.manylinux2014_aarch64.whl", hash = "sha256:f01f28075a92eede918b965e86e8f0ba7b7797a95aa8d35e1cc8821f5fc3ad6a"},
    {file = "numpy-1.21.1-cp39-cp39-win32.whl", hash = "sha256:88c0b89ad1cc24a5efbb99ff9ab5db0f9a86e9cc50240177a571fbe9c2860ac2"},
    {file = "numpy-1.21.1-cp39-cp39-win_amd64.whl", hash = "sha256:01721eefe70544d548425a07c80be8377096a54118070b8a62476866d5208e33"},
    {file = "numpy-1.21.1-pp37-pypy37_pp73-manylinux_2_12_x86_64.manylinux2010_x86_64.whl", hash = "sha256:2d4d1de6e6fb3d28781c73fbde702ac97f03d79e4ffd6598b880b2d95d62ead4"},
    {file = "numpy-1.21.1.zip", hash = "sha256:dff4af63638afcc57a3dfb9e4b26d434a7a602d225b42d746ea7fe2edf1342fd"},
]
