# This file is automatically @generated by Poetry 2.2.1 and should not be changed by hand.

[[package]]
name = "a2wsgi"
version = "1.10.10"
description = "Convert WSGI app to ASGI app or ASGI app to WSGI app."
optional = false
python-versions = ">=3.8.0"
groups = ["main"]
files = [
    {file = "a2wsgi-1.10.10-py3-none-any.whl", hash = "sha256:d2b21379479718539dc15fce53b876251a0efe7615352dfe49f6ad1bc507848d"},
    {file = "a2wsgi-1.10.10.tar.gz", hash = "sha256:a5bcffb52081ba39df0d5e9a884fc6f819d92e3a42389343ba77cbf809fe1f45"},
]

[[package]]
name = "anyio"
version = "4.11.0"
description = "High-level concurrency and networking framework on top of asyncio or Trio"
optional = false
python-versions = ">=3.9"
groups = ["main"]
files = [
    {file = "anyio-4.11.0-py3-none-any.whl", hash = "sha256:0287e96f4d26d4149305414d4e3bc32f0dcd0862365a4bddea19d7a1ec38c4fc"},
    {file = "anyio-4.11.0.tar.gz", hash = "sha256:82a8d0b81e318cc5ce71a5f1f8b5c4e63619620b63141ef8c995fa0db95a57c4"},
]

[package.dependencies]
idna = ">=2.8"
sniffio = ">=1.1"

[package.extras]
trio = ["trio (>=0.31.0)"]

[[package]]
name = "asgiref"
version = "3.10.0"
description = "ASGI specs, helper code, and adapters"
optional = false
python-versions = ">=3.9"
groups = ["main"]
files = [
    {file = "asgiref-3.10.0-py3-none-any.whl", hash = "sha256:aef8a81283a34d0ab31630c9b7dfe70c812c95eba78171367ca8745e88124734"},
    {file = "asgiref-3.10.0.tar.gz", hash = "sha256:d89f2d8cd8b56dada7d52fa7dc8075baa08fb836560710d38c292a7a3f78c04e"},
]

[package.extras]
tests = ["mypy (>=1.14.0)", "pytest", "pytest-asyncio"]

[[package]]
name = "certifi"
version = "2025.10.5"
description = "Python package for providing Mozilla's CA Bundle."
optional = false
python-versions = ">=3.7"
groups = ["main"]
files = [
    {file = "certifi-2025.10.5-py3-none-any.whl", hash = "sha256:0f212c2744a9bb6de0c56639a6f68afe01ecd92d91f14ae897c4fe7bbeeef0de"},
    {file = "certifi-2025.10.5.tar.gz", hash = "sha256:47c09d31ccf2acf0be3f701ea53595ee7e0b8fa08801c6624be771df09ae7b43"},
]

[[package]]
name = "click"
version = "8.3.0"
description = "Composable command line interface toolkit"
optional = false
python-versions = ">=3.10"
groups = ["main"]
files = [
    {file = "click-8.3.0-py3-none-any.whl", hash = "sha256:9b9f285302c6e3064f4330c05f05b81945b2a39544279343e6e7c5f27a9baddc"},
    {file = "click-8.3.0.tar.gz", hash = "sha256:e7b8232224eba16f4ebe410c25ced9f7875cb5f3263ffc93cc3e8da705e229c4"},
]

[package.dependencies]
colorama = {version = "*", markers = "platform_system == \"Windows\""}

[[package]]
name = "colorama"
version = "0.4.6"
description = "Cross-platform colored terminal text."
optional = false
python-versions = "!=3.0.*,!=3.1.*,!=3.2.*,!=3.3.*,!=3.4.*,!=3.5.*,!=3.6.*,>=2.7"
groups = ["main"]
markers = "platform_system == \"Windows\" or sys_platform == \"win32\""
files = [
    {file = "colorama-0.4.6-py2.py3-none-any.whl", hash = "sha256:4f1d9991f5acc0ca119f9d443620b77f9d6b33703e51011c16baf57afb285fc6"},
    {file = "colorama-0.4.6.tar.gz", hash = "sha256:08695f5cb7ed6e0531a20572697297273c47b8cae5a63ffc6d6ed5c201be6e44"},
]

[[package]]
name = "granian"
version = "2.5.5"
description = "A Rust HTTP server for Python applications"
optional = false
python-versions = ">=3.9"
groups = ["main"]
files = [
    {file = "granian-2.5.5-cp310-cp310-macosx_10_12_x86_64.whl", hash = "sha256:64a249ba2e04499f63636c5aca5ef0a1eef7768a8fa0ebc3d9c05611397dd907"},
    {file = "granian-2.5.5-cp310-cp310-macosx_11_0_arm64.whl", hash = "sha256:478e3c7416060fa7ead59e49887f18932c93f3c5f933c69935d89db653054bd7"},
    {file = "granian-2.5.5-cp310-cp310-manylinux_2_17_armv7l.manylinux2014_armv7l.whl", hash = "sha256:7369dc8f69cbc4b4f9eba7e63879aa9f2842c9d42eb32373317d9325e5556d1c"},
    {file = "granian-2.5.5-cp310-cp310-manylinux_2_17_i686.manylinux2014_i686.whl", hash = "sha256:861c4c698eba03eb6967444f1f0ef82708deda10daff9d0968762680c491cc5f"},
    {file = "granian-2.5.5-cp310-cp310-manylinux_2_17_x86_64.manylinux2014_x86_64.whl", hash = "sha256:b6ef2c32cf0f99bfc6ccd75bdbce8914f3e64040ad297a6a53b354ffd97e5eed"},
    {file = "granian-2.5.5-cp310-cp310-manylinux_2_28_aarch64.whl", hash = "sha256:d1bb0f3f105db479c274a94c7cb81b7328a25282906cec2c2171974da3b3006f"},
    {file = "granian-2.5.5-cp310-cp310-musllinux_1_1_aarch64.whl", hash = "sha256:72661830c9ced3b34e32d10731ebca2cd1b882343ebdd77f39e3cd4140cf181f"},
    {file = "granian-2.5.5-cp310-cp310-musllinux_1_1_armv7l.whl", hash = "sha256:dc2906c3fac1b039bfd045b829a2cf0a70f2a71a34835e4f1e41a0a374564722"},
    {file = "granian-2.5.5-cp310-cp310-musllinux_1_1_x86_64.whl", hash = "sha256:d6ab38e7774e27cc3a2f50d7673c32d736dfcf9ac7d0d00e9a30598611f7b2c6"},
    {file = "granian-2.5.5-cp310-cp310-win_amd64.whl", hash = "sha256:e1a4f75b0dedc12832170c46bdaf522fecbfa2a32cd95359531daa1f895e0c27"},
    {file = "granian-2.5.5-cp311-cp311-macosx_10_12_x86_64.whl", hash = "sha256:36af3b59045bcac79d3fe5d347e0d207ee15efb8967c8af743b967104507dfb1"},
    {file = "granian-2.5.5-cp311-cp311-macosx_11_0_arm64.whl", hash = "sha256:f0d3c1fd63c792b903e36cca03960716a66c3e9ce0e439393051883d6d0a9fbb"},
    {file = "granian-2.5.5-cp311-cp311-manylinux_2_17_armv7l.manylinux2014_armv7l.whl", hash = "sha256:a325fa91d44dee738f7c09f1602aca0c5ea0986c87ae6bb30eb7e41c7ca32bfc"},
    {file = "granian-2.5.5-cp311-cp311-manylinux_2_17_i686.manylinux2014_i686.whl", hash = "sha256:940c8f72601ebf0782aff6abe8f93317912f485806742dee815940a7eeb408ba"},
    {file = "granian-2.5.5-cp311-cp311-manylinux_2_17_x86_64.manylinux2014_x86_64.whl", hash = "sha256:cbb009686ae57f2e6e0d2bc16b14a3124aaf6c64e1d9eff12563a939b9da6ce3"},
    {file = "granian-2.5.5-cp311-cp311-manylinux_2_28_aarch64.whl", hash = "sha256:e5f027bf3814393c64eb9e2cdfc07fc425f97c5728bca32c7ec2cb65ca6f8521"},
    {file = "granian-2.5.5-cp311-cp311-musllinux_1_1_aarch64.whl", hash = "sha256:126dd070d18eabe26be907bc1f48fd55983fa7e9b39e9e4050165bbbeae7459d"},
    {file = "granian-2.5.5-cp311-cp311-musllinux_1_1_armv7l.whl", hash = "sha256:1c5de153519817a377f430f2501222d3092501daec34ae9fa7f5cc806ce98890"},
    {file = "granian-2.5.5-cp311-cp311-musllinux_1_1_x86_64.whl", hash = "sha256:b808a23cd48da428e4a49ba4643c872813ee41c80caffce87055abdfa8dba23b"},
    {file = "granian-2.5.5-cp311-cp311-win_amd64.whl", hash = "sha256:2354edca6787025a7e356b2afc05153943615c116084e7ea745fe528204dfb86"},
    {file = "granian-2.5.5-cp312-cp312-macosx_10_12_x86_64.whl", hash = "sha256:4b146e435799aa09cd9ccc46498d217757f76b77c59961d17e0d933e7b54469a"},
    {file = "granian-2.5.5-cp312-cp312-macosx_11_0_arm64.whl", hash = "sha256:909168f74eccee90e7909b0396ae407f6ec8cc7e793b8fe5ce84f522a3ef6b77"},
    {file = "granian-2.5.5-cp312-cp312-manylinux_2_17_armv7l.manylinux2014_armv7l.whl", hash = "sha256:c4a853e3d6fc1ea8eb80c00bd794a887c885163e08d01848dd07aa6ffe68926f"},
    {file = "granian-2.5.5-cp312-cp312-manylinux_2_17_i686.manylinux2014_i686.whl", hash = "sha256:6baa556ea84a078f5bb444615792032cfcfd2b6764e07915ecec0aec53f272f3"},
    {file = "granian-2.5.5-cp312-cp312-manylinux_2_17_x86_64.manylinux2014_x86_64.whl", hash = "sha256:ce38e5cbb50d3098c8a79362e2b9e598d56001595860060185aa46f94a73776d"},
    {file = "granian-2.5.5-cp312-cp312-manylinux_2_28_aarch64.whl", hash = "sha256:a40757947e422bed1c14703bbcb424417f1c2f9a27c74d19456b7b7af265992b"},
    {file = "granian-2.5.5-cp312-cp312-musllinux_1_1_aarch64.whl", hash = "sha256:806f8bb7b1483552a1a21820b242b395675d5011764dd0fabebc695f5d9f4bee"},
    {file = "granian-2.5.5-cp312-cp312-musllinux_1_1_armv7l.whl", hash = "sha256:bd670dc87c2d09d7373473b9d3330897207900e86c17a8220c4abec78ef4e4a7"},
    {file = "granian-2.5.5-cp312-cp312-musllinux_1_1_x86_64.whl", hash = "sha256:bdf7f68283c4449253f9bc57ac69d63216eacd463a97501915b5636386d12175"},
    {file = "granian-2.5.5-cp312-cp312-win_amd64.whl", hash = "sha256:32e4a39f8850298f1fe6900a871db2a1440aba0208b39363e7ca96e81ef2340f"},
    {file = "granian-2.5.5-cp313-cp313-macosx_10_12_x86_64.whl", hash = "sha256:49fd6a3f5d9302b8c8da56fcbf29faa7edc5847a460635356c5052584fa7c4b2"},
    {file = "granian-2.5.5-cp313-cp313-macosx_11_0_arm64.whl", hash = "sha256:62e7d9dd5b21d7637e062f7ce20d1887069d64d06e16c7bac40e01de4cb54b63"},
    {file = "granian-2.5.5-cp313-cp313-manylinux_2_17_armv7l.manylinux2014_armv7l.whl", hash = "sha256:307e09e1bf5b7f869b9dccfca7af253bbb74bf4cb0ba2d972043334a889b048f"},
    {file = "granian-2.5.5-cp313-cp313-manylinux_2_17_i686.manylinux2014_i686.whl", hash = "sha256:6a847903664275e6bede3ef178642379c6e1c43767e3980b2b6d68c62e6b14b5"},
    {file = "granian-2.5.5-cp313-cp313-manylinux_2_17_x86_64.manylinux2014_x86_64.whl", hash = "sha256:e21cd8ee95cd2017328043ec31c455ef69c9466617a9d51e4b1ca0ff0203d873"},
    {file = "granian-2.5.5-cp313-cp313-manylinux_2_28_aarch64.whl", hash = "sha256:f47b9ecf635ef727b1f399cd2e65329010ab2c48a5381be0d928a538ed8e9158"},
    {file = "granian-2.5.5-cp313-cp313-musllinux_1_1_aarch64.whl", hash = "sha256:59e868dcc7ca469aa099ca9456204c2ff5e6c7e98bbafb66921b911c2b5e4c15"},
    {file = "granian-2.5.5-cp313-cp313-musllinux_1_1_armv7l.whl", hash = "sha256:c0a1ef4bac9a59d52a80f81153a15c82a6876591e9ab8e330e096f339d06211d"},
    {file = "granian-2.5.5-cp313-cp313-musllinux_1_1_x86_64.whl", hash = "sha256:748efbb431d46aff3b9ef88b68fddfc7b29e7738292fca841b1b925f67e328a4"},
    {file = "granian-2.5.5-cp313-cp313-win_amd64.whl", hash = "sha256:fa87dd2d4b914e6d539bf18968daad3d34bb6877ab90b1408c009c3714a0213c"},
    {file = "granian-2.5.5-cp313-cp313t-macosx_10_12_x86_64.whl", hash = "sha256:647cb53789cbf369e895341152a9822f8238830fc939b85d2844151d1f0da32e"},
    {file = "granian-2.5.5-cp313-cp313t-macosx_11_0_arm64.whl", hash = "sha256:39f1d5398d31df3375e10524aa00f33d65b7d051551c4876251e9eec4ddc2c11"},
    {file = "granian-2.5.5-cp313-cp313t-manylinux_2_17_x86_64.manylinux2014_x86_64.whl", hash = "sha256:61308acf1943d06c4c4b48f79697a97f233ce85a07801e95e01c85647fd10eb5"},
    {file = "granian-2.5.5-cp313-cp313t-manylinux_2_28_aarch64.whl", hash = "sha256:dfd11cb106d9c68c6682a0554142f7383ff99789e1ecef3087c3e13ac50fde24"},
    {file = "granian-2.5.5-cp313-cp313t-musllinux_1_1_aarch64.whl", hash = "sha256:d05801e405f4000837bba9eea7cdef0486a6c8a2aff073e75be0a7055c2c07c6"},
    {file = "granian-2.5.5-cp313-cp313t-musllinux_1_1_armv7l.whl", hash = "sha256:28c61a87c766fc22f5d1ad640e6a4f2a4c14ff86c629c7fa8c9cc0bbc756a18c"},
    {file = "granian-2.5.5-cp313-cp313t-musllinux_1_1_x86_64.whl", hash = "sha256:1cf9431bc5096e2f38aa8b8c762ad4e5e2f1e119ca7381a3414e1ce64690ab5c"},
    {file = "granian-2.5.5-cp313-cp313t-win_amd64.whl", hash = "sha256:63a4910032589d25ce09bc2d1e5164db941710c17fe91a543f8bd3e3b9a5d522"},
    {file = "granian-2.5.5-cp314-cp314-macosx_10_12_x86_64.whl", hash = "sha256:4c2c917decc7079038bc97a247ed8da35251a36c33211ae35698784a3d3dac7e"},
    {file = "granian-2.5.5-cp314-cp314-macosx_11_0_arm64.whl", hash = "sha256:fffb60591f1e5fc514b916689c69c3d4da7827c9989679b32c38416f5f968b5a"},
    {file = "granian-2.5.5-cp314-cp314-manylinux_2_17_armv7l.manylinux2014_armv7l.whl", hash = "sha256:b6d676c2b6a64aa5d377f8855c9921b637db150a7233c6027d3abd55d2d6c43c"},
    {file = "granian-2.5.5-cp314-cp314-manylinux_2_17_i686.manylinux2014_i686.whl", hash = "sha256:642317efac6b24547c50a229bdeda85e79d825727a8559bb61e47827557d412f"},
    {file = "granian-2.5.5-cp314-cp314-manylinux_2_17_x86_64.manylinux2014_x86_64.whl", hash = "sha256:c40867944b278390b42f62f2557cc613dabc0a2a1868669110c319dfcd5dbe63"},
    {file = "granian-2.5.5-cp314-cp314-manylinux_2_28_aarch64.whl", hash = "sha256:bff88a7c1ad215a9bd33b2b11aa03057446f086759743be9f99ab1966604c733"},
    {file = "granian-2.5.5-cp314-cp314-musllinux_1_1_aarch64.whl", hash = "sha256:1701211bf09a3863c12346b1711d74cc47317809bb1b063b4198470877c351f6"},
    {file = "granian-2.5.5-cp314-cp314-musllinux_1_1_armv7l.whl", hash = "sha256:a3345512f0ce7dc481324a61932e397040d4c0ffbccbcbcbc3e41f21f397bb00"},
    {file = "granian-2.5.5-cp314-cp314-musllinux_1_1_x86_64.whl", hash = "sha256:d3e56fdb95a692be0c9543f4bf902c8a00c9cb9cdcc7bcd4f1622d0eefd8df18"},
    {file = "granian-2.5.5-cp314-cp314-win_amd64.whl", hash = "sha256:4c772351cbbcc04a5b168e5cb574bff5fd6883d739ad395db1f0c330cccf8878"},
    {file = "granian-2.5.5-cp314-cp314t-macosx_10_12_x86_64.whl", hash = "sha256:94ec249a8b467d68cb0f24e482babb07110ff879a1cbcb841e7c55e1609e3777"},
    {file = "granian-2.5.5-cp314-cp314t-macosx_11_0_arm64.whl", hash = "sha256:d34b9626fef7f37b096b40316fa5167c40ba9326648112304aa7635397754f9e"},
    {file = "granian-2.5.5-cp314-cp314t-manylinux_2_17_x86_64.manylinux2014_x86_64.whl", hash = "sha256:edaaca6d053e4e6795cee7cc939c9d97e2457bb5dadd96a91aeab16b4096816e"},
    {file = "granian-2.5.5-cp314-cp314t-manylinux_2_28_aarch64.whl", hash = "sha256:49c950366261470662b9721b40f08b8a443dceaa2ae952361235404f257f66cb"},
    {file = "granian-2.5.5-cp314-cp314t-musllinux_1_1_aarch64.whl", hash = "sha256:02d5c0f8d4fbb656cbbe12576a92990bac37a238a14c6b6fed3ab47ee1202162"},
    {file = "granian-2.5.5-cp314-cp314t-musllinux_1_1_armv7l.whl", hash = "sha256:3ec26992315c00b6269d13ad31644226d5c51ae4b06e866f2a1eb2979deef482"},
    {file = "granian-2.5.5-cp314-cp314t-musllinux_1_1_x86_64.whl", hash = "sha256:413ce58161abbba47bde2895b0c3b6d74aec33dfd4ec355be07721b9ce57e4f2"},
    {file = "granian-2.5.5-cp314-cp314t-win_amd64.whl", hash = "sha256:8359c03c518219eacd5d60718a058d2c1fc48e2f69fcee2a022dd3814d62d81a"},
    {file = "granian-2.5.5-cp39-cp39-macosx_10_12_x86_64.whl", hash = "sha256:67e206747e18b25f4daf302ca3c31c2987b3de55fadf7782fff2960a6ea76cc0"},
    {file = "granian-2.5.5-cp39-cp39-macosx_11_0_arm64.whl", hash = "sha256:4f4a6ec7a8cdb4ae243e7a35a133afc19828feefff64dafeaed2cc177e804261"},
    {file = "granian-2.5.5-cp39-cp39-manylinux_2_17_armv7l.manylinux2014_armv7l.whl", hash = "sha256:2475af3627cadb631c09ed1d9b3ab1318a4c713a2dee7707e764674920a829c7"},
    {file = "granian-2.5.5-cp39-cp39-manylinux_2_17_i686.manylinux2014_i686.whl", hash = "sha256:288b174b8e10b8fc6b5a621d2a7739ef80a0dfc4fa7ea939606633c643ceb820"},
    {file = "granian-2.5.5-cp39-cp39-manylinux_2_17_x86_64.manylinux2014_x86_64.whl", hash = "sha256:97b37dd16467f7dacac449a7fadba4769572fe3ff8c2f242b99c8a588d79746b"},
    {file = "granian-2.5.5-cp39-cp39-manylinux_2_28_aarch64.whl", hash = "sha256:ef9fb3a68a2ac340de8ea013082d760f603a6c475ced0f3ab1088339ace9f88b"},
    {file = "granian-2.5.5-cp39-cp39-musllinux_1_1_aarch64.whl", hash = "sha256:a7e37ace94abc4bedf80baa8ecc832055f3d34967532010fb18375db408294d4"},
    {file = "granian-2.5.5-cp39-cp39-musllinux_1_1_armv7l.whl", hash = "sha256:a9f501021dafc175fb92445fd07ecb3b2fabc5e1ccfd963151069559ba694c2f"},
    {file = "granian-2.5.5-cp39-cp39-musllinux_1_1_x86_64.whl", hash = "sha256:4db550169705d36646440efa96486ace472cc20d23999ac5d768a811b190e56f"},
    {file = "granian-2.5.5-cp39-cp39-win_amd64.whl", hash = "sha256:ec93f11580f17b9431ce9e2cf41e474e0228aad7a92111401c9d077e87951461"},
    {file = "granian-2.5.5-pp310-pypy310_pp73-macosx_10_12_x86_64.whl", hash = "sha256:96b2c27b02a4c75f98ff9c774d9a56092674006f7db3d349f9d792db70de830b"},
    {file = "granian-2.5.5-pp310-pypy310_pp73-macosx_11_0_arm64.whl", hash = "sha256:c28f8cd4dfa7b37fb81a8982e4535128d629d301cdb04e4b5048b92b2ef06974"},
    {file = "granian-2.5.5-pp310-pypy310_pp73-manylinux_2_17_x86_64.manylinux2014_x86_64.whl", hash = "sha256:508545ba467ca0be870b24369901738bee6182732b9f8532baa47fe58a9db37e"},
    {file = "granian-2.5.5-pp310-pypy310_pp73-manylinux_2_28_aarch64.whl", hash = "sha256:c504aea6cdff9e34de511eb34c85df875d17521e89493e66f20776aae272e954"},
    {file = "granian-2.5.5-pp310-pypy310_pp73-musllinux_1_1_aarch64.whl", hash = "sha256:99e8bf6d5fa86738fcab89d6c9f340f2084548e9af79cea835d170f90e78ed67"},
    {file = "granian-2.5.5-pp310-pypy310_pp73-musllinux_1_1_armv7l.whl", hash = "sha256:717e55932ff009319fd54fa9df7a96e1be3393965219a181a916e5d8bae858a8"},
    {file = "granian-2.5.5-pp310-pypy310_pp73-musllinux_1_1_x86_64.whl", hash = "sha256:277402727626eaf0faed2a09676b59fb3241da4723742c65c436efeb7dd43631"},
    {file = "granian-2.5.5-pp310-pypy310_pp73-win_amd64.whl", hash = "sha256:0ea4dd78b1ca57b0176e124a5333838289fe5d0583016a646e55f54d8b4d4a14"},
    {file = "granian-2.5.5-pp311-pypy311_pp73-macosx_10_12_x86_64.whl", hash = "sha256:25a9c6b406e22a0e36bb84115a92abd2fe74fb3918fce063bff8e8980ad15071"},
    {file = "granian-2.5.5-pp311-pypy311_pp73-macosx_11_0_arm64.whl", hash = "sha256:6f78327ce9bcea86c5b14a3d58f737a6276b7c679cfd4007c1e0a42d354e97cc"},
    {file = "granian-2.5.5-pp311-pypy311_pp73-manylinux_2_17_x86_64.manylinux2014_x86_64.whl", hash = "sha256:79f83eb500fe79b8f24b33547517937c44fd04f894a7c1c2f1cbb59892d91274"},
    {file = "granian-2.5.5-pp311-pypy311_pp73-manylinux_2_28_aarch64.whl", hash = "sha256:4cbaf0f36016a66d1871ae83d482e633a9702a5bca53c5b0ea3120552a2c3c57"},
    {file = "granian-2.5.5-pp311-pypy311_pp73-musllinux_1_1_aarch64.whl", hash = "sha256:47a00939040c2ad2770a24b1e8f5ad747da95b6c6602a01081209e16d5437352"},
    {file = "granian-2.5.5-pp311-pypy311_pp73-musllinux_1_1_armv7l.whl", hash = "sha256:a45dbabfc7ea3cbe66c90eb3715de68057719e48df33aa07f9583975ec4220f1"},
    {file = "granian-2.5.5-pp311-pypy311_pp73-musllinux_1_1_x86_64.whl", hash = "sha256:ea7a349a882a239512ca122b6cdd76d5dbe2de9227072a7bc3b90086b5dbd63d"},
    {file = "granian-2.5.5-pp311-pypy311_pp73-win_amd64.whl", hash = "sha256:a3f8db2255b7e34c4a48c7262b97a6ecc99729e6e42578f0c6893f6761a83f2a"},
    {file = "granian-2.5.5-pp39-pypy39_pp73-macosx_10_12_x86_64.whl", hash = "sha256:01953c77fb1efc767a234d751fdd69cf80fc86e71eebe441969ecb32ce184284"},
    {file = "granian-2.5.5-pp39-pypy39_pp73-macosx_11_0_arm64.whl", hash = "sha256:a279387bb5af3cc27d69c06267ea53b854864203396a7d1b570846e0e1af9902"},
    {file = "granian-2.5.5-pp39-pypy39_pp73-manylinux_2_17_x86_64.manylinux2014_x86_64.whl", hash = "sha256:d63d9d39b17c626ee89e7c45cc5dde5e21cfec681b8e8ea2f442d043e1d3a6f6"},
    {file = "granian-2.5.5-pp39-pypy39_pp73-manylinux_2_28_aarch64.whl", hash = "sha256:d1f7c46f39e7f165f39e990d237c7addd5633aed7521ca2c4646f6b9c743cb54"},
    {file = "granian-2.5.5-pp39-pypy39_pp73-musllinux_1_1_aarch64.whl", hash = "sha256:93f7c3444b9a653077376a3452357af0508f96dcd712930fc6b39480f1f15e5d"},
    {file = "granian-2.5.5-pp39-pypy39_pp73-musllinux_1_1_armv7l.whl", hash = "sha256:ed76598e82a630e2647ec5a6d7e8d5cc8ce1cd7576d36e172654b9cc71f87ef9"},
    {file = "granian-2.5.5-pp39-pypy39_pp73-musllinux_1_1_x86_64.whl", hash = "sha256:078a03b7d7f120f8e723af00b11da8d8387ca9d0b88df4e232e4e41c2a32c1a0"},
    {file = "granian-2.5.5-pp39-pypy39_pp73-win_amd64.whl", hash = "sha256:d2fdaaecd8e59fb16682b663b5fc34c1cb59e4e044ad558e52591e687e5b2c65"},
    {file = "granian-2.5.5.tar.gz", hash = "sha256:da785fae71cb45e92ce3fbb8633dc48b12f6a5055a7358226d78176967a5d2c9"},
]

[package.dependencies]
click = ">=8.0.0"

[package.extras]
all = ["granian[dotenv,pname,reload]"]
dotenv = ["python-dotenv (>=1.1,<2.0)"]
pname = ["setproctitle (>=1.3.3,<1.4.0)"]
reload = ["watchfiles (>=1.0,<2.0)"]
rloop = ["rloop (>=0.1,<1.0) ; sys_platform != \"win32\""]
uvloop = ["uvloop (>=0.18.0) ; platform_python_implementation == \"CPython\" and sys_platform != \"win32\""]

[[package]]
name = "gunicorn"
version = "23.0.0"
description = "WSGI HTTP Server for UNIX"
optional = false
python-versions = ">=3.7"
groups = ["main"]
files = [
    {file = "gunicorn-23.0.0-py3-none-any.whl", hash = "sha256:ec400d38950de4dfd418cff8328b2c8faed0edb0d517d3394e457c317908ca4d"},
    {file = "gunicorn-23.0.0.tar.gz", hash = "sha256:f014447a0101dc57e294f6c18ca6b40227a4c90e9bdb586042628030cba004ec"},
]

[package.dependencies]
packaging = "*"

[package.extras]
eventlet = ["eventlet (>=0.24.1,!=0.36.0)"]
gevent = ["gevent (>=1.4.0)"]
setproctitle = ["setproctitle"]
testing = ["coverage", "eventlet", "gevent", "pytest", "pytest-cov"]
tornado = ["tornado (>=0.2)"]

[[package]]
name = "h11"
version = "0.16.0"
description = "A pure-Python, bring-your-own-I/O implementation of HTTP/1.1"
optional = false
python-versions = ">=3.8"
groups = ["main"]
files = [
    {file = "h11-0.16.0-py3-none-any.whl", hash = "sha256:63cf8bbe7522de3bf65932fda1d9c2772064ffb3dae62d55932da54b31cb6c86"},
    {file = "h11-0.16.0.tar.gz", hash = "sha256:4e35b956cf45792e4caa5885e69fba00bdbc6ffafbfa020300e549b208ee5ff1"},
]

[[package]]
name = "h2"
version = "4.3.0"
description = "Pure-Python HTTP/2 protocol implementation"
optional = false
python-versions = ">=3.9"
groups = ["main"]
files = [
    {file = "h2-4.3.0-py3-none-any.whl", hash = "sha256:c438f029a25f7945c69e0ccf0fb951dc3f73a5f6412981daee861431b70e2bdd"},
    {file = "h2-4.3.0.tar.gz", hash = "sha256:6c59efe4323fa18b47a632221a1888bd7fde6249819beda254aeca909f221bf1"},
]

[package.dependencies]
hpack = ">=4.1,<5"
hyperframe = ">=6.1,<7"

[[package]]
name = "hpack"
version = "4.1.0"
description = "Pure-Python HPACK header encoding"
optional = false
python-versions = ">=3.9"
groups = ["main"]
files = [
    {file = "hpack-4.1.0-py3-none-any.whl", hash = "sha256:157ac792668d995c657d93111f46b4535ed114f0c9c8d672271bbec7eae1b496"},
    {file = "hpack-4.1.0.tar.gz", hash = "sha256:ec5eca154f7056aa06f196a557655c5b009b382873ac8d1e66e79e87535f1dca"},
]

[[package]]
name = "httpcore"
version = "1.0.9"
description = "A minimal low-level HTTP client."
optional = false
python-versions = ">=3.8"
groups = ["main"]
files = [
    {file = "httpcore-1.0.9-py3-none-any.whl", hash = "sha256:2d400746a40668fc9dec9810239072b40b4484b640a8c38fd654a024c7a1bf55"},
    {file = "httpcore-1.0.9.tar.gz", hash = "sha256:6e34463af53fd2ab5d807f399a9b45ea31c3dfa2276f15a2c3f00afff6e176e8"},
]

[package.dependencies]
certifi = "*"
h11 = ">=0.16"

[package.extras]
asyncio = ["anyio (>=4.0,<5.0)"]
http2 = ["h2 (>=3,<5)"]
socks = ["socksio (==1.*)"]
trio = ["trio (>=0.22.0,<1.0)"]

[[package]]
name = "httpx"
version = "0.28.1"
description = "The next generation HTTP client."
optional = false
python-versions = ">=3.8"
groups = ["main"]
files = [
    {file = "httpx-0.28.1-py3-none-any.whl", hash = "sha256:d909fcccc110f8c7faf814ca82a9a4d816bc5a6dbfea25d6591d6985b8ba59ad"},
    {file = "httpx-0.28.1.tar.gz", hash = "sha256:75e98c5f16b0f35b567856f597f06ff2270a374470a5c2392242528e3e3e42fc"},
]

[package.dependencies]
anyio = "*"
certifi = "*"
h2 = {version = ">=3,<5", optional = true, markers = "extra == \"http2\""}
httpcore = "==1.*"
idna = "*"

[package.extras]
brotli = ["brotli ; platform_python_implementation == \"CPython\"", "brotlicffi ; platform_python_implementation != \"CPython\""]
cli = ["click (==8.*)", "pygments (==2.*)", "rich (>=10,<14)"]
http2 = ["h2 (>=3,<5)"]
socks = ["socksio (==1.*)"]
zstd = ["zstandard (>=0.18.0)"]

[[package]]
name = "hyperframe"
version = "6.1.0"
description = "Pure-Python HTTP/2 framing"
optional = false
python-versions = ">=3.9"
groups = ["main"]
files = [
    {file = "hyperframe-6.1.0-py3-none-any.whl", hash = "sha256:b03380493a519fce58ea5af42e4a42317bf9bd425596f7a0835ffce80f1a42e5"},
    {file = "hyperframe-6.1.0.tar.gz", hash = "sha256:f630908a00854a7adeabd6382b43923a4c4cd4b821fcb527e6ab9e15382a3b08"},
]

[[package]]
name = "idna"
version = "3.11"
description = "Internationalized Domain Names in Applications (IDNA)"
optional = false
python-versions = ">=3.8"
groups = ["main"]
files = [
    {file = "idna-3.11-py3-none-any.whl", hash = "sha256:771a87f49d9defaf64091e6e6fe9c18d4833f140bd19464795bc32d966ca37ea"},
    {file = "idna-3.11.tar.gz", hash = "sha256:795dafcc9c04ed0c1fb032c2aa73654d8e8c5023a7df64a53f39190ada629902"},
]

[package.extras]
all = ["flake8 (>=7.1.1)", "mypy (>=1.11.2)", "pytest (>=8.3.2)", "ruff (>=0.6.2)"]

[[package]]
name = "iniconfig"
version = "2.3.0"
description = "brain-dead simple config-ini parsing"
optional = false
python-versions = ">=3.10"
groups = ["main"]
files = [
    {file = "iniconfig-2.3.0-py3-none-any.whl", hash = "sha256:f631c04d2c48c52b84d0d0549c99ff3859c98df65b3101406327ecc7d53fbf12"},
    {file = "iniconfig-2.3.0.tar.gz", hash = "sha256:c76315c77db068650d49c5b56314774a7804df16fee4402c1f19d6d15d8c4730"},
]

[[package]]
name = "packaging"
version = "25.0"
description = "Core utilities for Python packages"
optional = false
python-versions = ">=3.8"
groups = ["main"]
files = [
    {file = "packaging-25.0-py3-none-any.whl", hash = "sha256:29572ef2b1f17581046b3a2227d5c611fb25ec70ca1ba8554b24b0e69331a484"},
    {file = "packaging-25.0.tar.gz", hash = "sha256:d443872c98d677bf60f6a1f2f8c1cb748e8fe762d2bf9d3148b5599295b0fc4f"},
]

[[package]]
name = "pluggy"
version = "1.6.0"
description = "plugin and hook calling mechanisms for python"
optional = false
python-versions = ">=3.9"
groups = ["main"]
files = [
    {file = "pluggy-1.6.0-py3-none-any.whl", hash = "sha256:e920276dd6813095e9377c0bc5566d94c932c33b27a3e3945d8389c374dd4746"},
    {file = "pluggy-1.6.0.tar.gz", hash = "sha256:7dcc130b76258d33b90f61b658791dede3486c3e6bfb003ee5c9bfb396dd22f3"},
]

[package.extras]
dev = ["pre-commit", "tox"]
testing = ["coverage", "pytest", "pytest-benchmark"]

[[package]]
name = "pygments"
version = "2.19.2"
description = "Pygments is a syntax highlighting package written in Python."
optional = false
python-versions = ">=3.8"
groups = ["main"]
files = [
    {file = "pygments-2.19.2-py3-none-any.whl", hash = "sha256:86540386c03d588bb81d44bc3928634ff26449851e99741617ecb9037ee5ec0b"},
    {file = "pygments-2.19.2.tar.gz", hash = "sha256:636cb2477cec7f8952536970bc533bc43743542f70392ae026374600add5b887"},
]

[package.extras]
windows-terminal = ["colorama (>=0.4.6)"]

[[package]]
name = "pytest"
version = "8.4.2"
description = "pytest: simple powerful testing with Python"
optional = false
python-versions = ">=3.9"
groups = ["main"]
files = [
    {file = "pytest-8.4.2-py3-none-any.whl", hash = "sha256:872f880de3fc3a5bdc88a11b39c9710c3497a547cfa9320bc3c5e62fbf272e79"},
    {file = "pytest-8.4.2.tar.gz", hash = "sha256:86c0d0b93306b961d58d62a4db4879f27fe25513d4b969df351abdddb3c30e01"},
]

[package.dependencies]
colorama = {version = ">=0.4", markers = "sys_platform == \"win32\""}
iniconfig = ">=1"
packaging = ">=20"
pluggy = ">=1.5,<2"
pygments = ">=2.7.2"

[package.extras]
dev = ["argcomplete", "attrs (>=19.2)", "hypothesis (>=3.56)", "mock", "requests", "setuptools", "xmlschema"]

[[package]]
name = "pytest-asyncio"
version = "1.2.0"
description = "Pytest support for asyncio"
optional = false
python-versions = ">=3.9"
groups = ["main"]
files = [
    {file = "pytest_asyncio-1.2.0-py3-none-any.whl", hash = "sha256:8e17ae5e46d8e7efe51ab6494dd2010f4ca8dae51652aa3c8d55acf50bfb2e99"},
    {file = "pytest_asyncio-1.2.0.tar.gz", hash = "sha256:c609a64a2a8768462d0c99811ddb8bd2583c33fd33cf7f21af1c142e824ffb57"},
]

[package.dependencies]
pytest = ">=8.2,<9"

[package.extras]
docs = ["sphinx (>=5.3)", "sphinx-rtd-theme (>=1)"]
testing = ["coverage (>=6.2)", "hypothesis (>=5.7.1)"]

[[package]]
name = "sniffio"
version = "1.3.1"
description = "Sniff out which async library your code is running under"
optional = false
python-versions = ">=3.7"
groups = ["main"]
files = [
    {file = "sniffio-1.3.1-py3-none-any.whl", hash = "sha256:2f6da418d1f1e0fddd844478f41680e794e6051915791a034ff65e5f100525a2"},
    {file = "sniffio-1.3.1.tar.gz", hash = "sha256:f4324edc670a0f49750a81b895f35c3adb843cca46f0530f79fc1babb23789dc"},
]

[[package]]
name = "starlette"
version = "0.48.0"
description = "The little ASGI library that shines."
optional = false
python-versions = ">=3.9"
groups = ["main"]
files = [
    {file = "starlette-0.48.0-py3-none-any.whl", hash = "sha256:0764ca97b097582558ecb498132ed0c7d942f233f365b86ba37770e026510659"},
    {file = "starlette-0.48.0.tar.gz", hash = "sha256:7e8cee469a8ab2352911528110ce9088fdc6a37d9876926e73da7ce4aa4c7a46"},
]

[package.dependencies]
anyio = ">=3.6.2,<5"

[package.extras]
full = ["httpx (>=0.27.0,<0.29.0)", "itsdangerous", "jinja2", "python-multipart (>=0.0.18)", "pyyaml"]

[[package]]
name = "timing-asgi"
version = "0.3.1"
description = "ASGI middleware to emit timing metrics with something like statsd"
optional = false
python-versions = ">=3.6,<4.0"
groups = ["main"]
files = [
    {file = "timing_asgi-0.3.1-py3-none-any.whl", hash = "sha256:dc947f43227c500a3259d90034da9c49a959a60243f9121db337dd7e6e57e808"},
    {file = "timing_asgi-0.3.1.tar.gz", hash = "sha256:5f040b2588476c048dd09d8c8fc4b71152b9465474f5c1899a1f77c2b400e46f"},
]

[[package]]
name = "uvicorn"
version = "0.37.0"
description = "The lightning-fast ASGI server."
optional = false
python-versions = ">=3.9"
groups = ["main"]
files = [
    {file = "uvicorn-0.37.0-py3-none-any.whl", hash = "sha256:913b2b88672343739927ce381ff9e2ad62541f9f8289664fa1d1d3803fa2ce6c"},
    {file = "uvicorn-0.37.0.tar.gz", hash = "sha256:4115c8add6d3fd536c8ee77f0e14a7fd2ebba939fed9b02583a97f80648f9e13"},
]

[package.dependencies]
click = ">=7.0"
h11 = ">=0.8"

[package.extras]
standard = ["colorama (>=0.4) ; sys_platform == \"win32\"", "httptools (>=0.6.3)", "python-dotenv (>=0.13)", "pyyaml (>=5.1)", "uvloop (>=0.15.1) ; sys_platform != \"win32\" and sys_platform != \"cygwin\" and platform_python_implementation != \"PyPy\"", "watchfiles (>=0.13)", "websockets (>=10.4)"]

[metadata]
lock-version = "2.1"
python-versions = ">=3.13,<4.0"
content-hash = "59f5c556209a3b9b8d9c986bd2f4034a65bc7fa364f4f6864bac4613625bbc72"
