[[package]]
name = "altgraph"
version = "0.17"
description = "Python graph (network) package"
category = "main"
optional = false
python-versions = "*"

[[package]]
name = "future"
version = "0.18.2"
description = "Clean single-source support for Python 3 and 2"
category = "main"
optional = false
python-versions = ">=2.6, !=3.0.*, !=3.1.*, !=3.2.*"

[[package]]
name = "macholib"
version = "1.14"
description = "Mach-O header analysis and editing"
category = "main"
optional = false
python-versions = "*"

[package.dependencies]
altgraph = ">=0.15"

[[package]]
name = "pefile"
version = "2021.5.24"
description = "Python PE parsing module"
category = "main"
optional = false
python-versions = ">=3.6.0"

[package.dependencies]
future = "*"

[[package]]
name = "pyarmor"
version = "6.7.3"
description = "A tool used to obfuscate python scripts, bind obfuscated scripts to fixed machine or expire obfuscated scripts."
category = "main"
optional = false
python-versions = "*"

[[package]]
name = "pyarmor-webui"
version = "1.2.9"
description = "A webui tool used to obfuscate and pack python scripts based on pyarmor"
category = "main"
optional = false
python-versions = "*"

[package.dependencies]
pyarmor = ">=6.6.1"

[[package]]
name = "pyinstaller"
version = "4.4"
description = "PyInstaller bundles a Python application and all its dependencies into a single package."
category = "main"
optional = false
python-versions = ">=3.6"

[package.dependencies]
altgraph = "*"
macholib = {version = ">=1.8", markers = "sys_platform == \"darwin\""}
pefile = {version = ">=2017.8.1", markers = "sys_platform == \"win32\""}
pyinstaller-hooks-contrib = ">=2020.6"
pywin32-ctypes = {version = ">=0.2.0", markers = "sys_platform == \"win32\""}

[package.extras]
encryption = ["tinyaes (>=1.0.0)"]
hook_testing = ["execnet (>=1.5.0)", "psutil", "pytest (>=2.7.3)"]

[[package]]
name = "pyinstaller-hooks-contrib"
version = "2021.2"
description = "Community maintained hooks for PyInstaller"
category = "main"
optional = false
python-versions = "*"

[[package]]
name = "pywin32-ctypes"
version = "0.2.0"
description = ""
category = "main"
optional = false
python-versions = "*"

[metadata]
lock-version = "1.1"
python-versions = "^3.9"
content-hash = "aa3736a8ee0358c0d71fccf427f0e2e5c10c314caa63a7766ca56993bae8a5eb"

[metadata.files]
altgraph = [
    {file = "altgraph-0.17-py2.py3-none-any.whl", hash = "sha256:c623e5f3408ca61d4016f23a681b9adb100802ca3e3da5e718915a9e4052cebe"},
    {file = "altgraph-0.17.tar.gz", hash = "sha256:1f05a47122542f97028caf78775a095fbe6a2699b5089de8477eb583167d69aa"},
]
future = [
    {file = "future-0.18.2.tar.gz", hash = "sha256:b1bead90b70cf6ec3f0710ae53a525360fa360d306a86583adc6bf83a4db537d"},
]
macholib = [
    {file = "macholib-1.14-py2.py3-none-any.whl", hash = "sha256:c500f02867515e6c60a27875b408920d18332ddf96b4035ef03beddd782d4281"},
    {file = "macholib-1.14.tar.gz", hash = "sha256:0c436bc847e7b1d9bda0560351bf76d7caf930fb585a828d13608839ef42c432"},
]
pefile = [
    {file = "pefile-2021.5.24.tar.gz", hash = "sha256:ed79b2353daa58421459abf4d685953bde0adf9f6e188944f97ba9795f100246"},
]
pyarmor = [
    {file = "pyarmor-6.7.3-py2.py3-none-any.whl", hash = "sha256:7955092466fc9c22270cdaade65cc15044c5cf830cb6309d3ec63428eb91ca1d"},
    {file = "pyarmor-6.7.3.zip", hash = "sha256:20056970ced0beac2f9a86ad57c23a1a85c29982e5f1db8ea123d37598f152d1"},
]
pyarmor-webui = [
    {file = "pyarmor-webui-1.2.9.zip", hash = "sha256:1200dfea0a1d06ce15193019e6887e0c18daedd93d1c1f5448c88c48dddf8e65"},
]
pyinstaller = [
    {file = "pyinstaller-4.4-py3-none-macosx_10_13_universal2.whl", hash = "sha256:0e802c082487719aab6b2a93575819944c008e6e1ba44c7836fc45660a9586c0"},
    {file = "pyinstaller-4.4-py3-none-manylinux2014_aarch64.whl", hash = "sha256:2ef691eeb360073075b6c355535a15dcdedac28d2ecc8448d34bce671ec2dff4"},
    {file = "pyinstaller-4.4-py3-none-manylinux2014_i686.whl", hash = "sha256:2cfef29a878fc54040e2287c19ea4bdc667f473b59918fcb51a1e68366ecb814"},
    {file = "pyinstaller-4.4-py3-none-manylinux2014_x86_64.whl", hash = "sha256:b0f13d0a33b9a21659967db65b475c14645b456dc70ba68fa9cebf4bc29ef58e"},
    {file = "pyinstaller-4.4-py3-none-win32.whl", hash = "sha256:d0b35f885650b9dc69072adf948b608bcb506c5256dd7f0d0967c1f177bb41b1"},
    {file = "pyinstaller-4.4-py3-none-win_amd64.whl", hash = "sha256:4485046ca929e15f6a2db746ce183c14e1fc3c1e8d2102aad8f1403b25d9ebdf"},
    {file = "pyinstaller-4.4.tar.gz", hash = "sha256:af3ef0b9f265a2d3859357a25ab16743fbb6143c89fd7c3570cb84b8d24db0ba"},
]
pyinstaller-hooks-contrib = [
    {file = "pyinstaller-hooks-contrib-2021.2.tar.gz", hash = "sha256:7f5d0689b30da3092149fc536a835a94045ac8c9f0e6dfb23ac171890f5ea8f2"},
    {file = "pyinstaller_hooks_contrib-2021.2-py2.py3-none-any.whl", hash = "sha256:57964f93eb69255c49159ffdf052aae893feed223b0f69773dfd010ca6c569d9"},
]
pywin32-ctypes = [
    {file = "pywin32-ctypes-0.2.0.tar.gz", hash = "sha256:24ffc3b341d457d48e8922352130cf2644024a4ff09762a2261fd34c36ee5942"},
    {file = "pywin32_ctypes-0.2.0-py2.py3-none-any.whl", hash = "sha256:9dc2d991b3479cc2df15930958b674a48a227d5361d413827a4cfd0b5876fc98"},
]
